PODS:
  - Alamofire (4.8.0)
  - BTNavigationDropdownMenu (0.5)
  - Canvas (0.1.2)
  - CocoaAsyncSocket (7.6.3)
  - FlexColorPicker (1.3.1)
  - Gloss (2.1.0)
  - MARKRangeSlider (1.1.1)
  - NVActivityIndicatorView (4.8.0):
    - NVActivityIndicatorView/Presenter (= 4.8.0)
  - NVActivityIndicatorView/Presenter (4.8.0)
  - Realm (3.19.0):
    - Realm/Headers (= 3.19.0)
  - Realm/Headers (3.19.0)
  - RealmSwift (3.19.0):
    - Realm (= 3.19.0)
  - SwiftLint (0.35.0)
  - SwiftMessages (7.0.1):
    - SwiftMessages/App (= 7.0.1)
  - SwiftMessages/App (7.0.1)
  - SwiftSVG (2.3.0)
  - SwiftyBeaver (1.8.2)
  - SwiftyHue (0.5.2):
    - SwiftyHue/Base (= 0.5.2)
    - SwiftyHue/BridgeServices (= 0.5.2)
  - SwiftyHue/Base (0.5.2):
    - Alamofire (= 4.8.0)
    - Gloss (= 2.1.0)
  - SwiftyHue/BridgeServices (0.5.2):
    - Alamofire (= 4.8.0)
    - CocoaAsyncSocket (= 7.6.3)
    - Gloss (= 2.1.0)
  - TORoundedButton (1.1.2)

DEPENDENCIES:
  - BTNavigationDropdownMenu
  - Canvas (~> 0.1.2)
  - FlexColorPicker (from `https://github.com/RastislavMirek/FlexColorPicker.git`, branch `master`)
  - MARKRangeSlider
  - NVActivityIndicatorView
  - RealmSwift (~> 3.17)
  - SwiftLint
  - SwiftMessages
  - SwiftSVG (from `https://github.com/matejukmar/SwiftSVG.git`, branch `cached_svg_layer_fix`)
  - SwiftyBeaver
  - SwiftyHue (from `https://github.com/griffind/SwiftyHue.git`, tag `0.5.5`)
  - TORoundedButton

SPEC REPOS:
  trunk:
    - Alamofire
    - BTNavigationDropdownMenu
    - Canvas
    - CocoaAsyncSocket
    - Gloss
    - MARKRangeSlider
    - NVActivityIndicatorView
    - Realm
    - RealmSwift
    - SwiftLint
    - SwiftMessages
    - SwiftyBeaver
    - TORoundedButton

EXTERNAL SOURCES:
  FlexColorPicker:
    :branch: master
    :git: https://github.com/RastislavMirek/FlexColorPicker.git
  SwiftSVG:
    :branch: cached_svg_layer_fix
    :git: https://github.com/matejukmar/SwiftSVG.git
  SwiftyHue:
    :git: https://github.com/griffind/SwiftyHue.git
    :tag: 0.5.5

CHECKOUT OPTIONS:
  FlexColorPicker:
    :commit: 1e96de1abbc00b5ab108c738b22e4df53a4222b2
    :git: https://github.com/RastislavMirek/FlexColorPicker.git
  SwiftSVG:
    :commit: 1287e7fd41d587f3d8c59daa93c9254294f9c937
    :git: https://github.com/matejukmar/SwiftSVG.git
  SwiftyHue:
    :git: https://github.com/griffind/SwiftyHue.git
    :tag: 0.5.5

SPEC CHECKSUMS:
  Alamofire: 3ec537f71edc9804815215393ae2b1a8ea33a844
  BTNavigationDropdownMenu: ba3a26fdb6a56c4721c31df8a0875106c259663a
  Canvas: eb861e3b555d032648146c8ffda1a5dea40059ca
  CocoaAsyncSocket: eafaa68a7e0ec99ead0a7b35015e0bf25d2c8987
  FlexColorPicker: e627af3d744786378ae65e53214528cc31105921
  Gloss: 13ab6b4b0ff4cb2448466edc957479b1bccea8ba
  MARKRangeSlider: ef7e1fe84d22996f47fd72dcb8de50b9410aac47
  NVActivityIndicatorView: d24b7ebcf80af5dcd994adb650e2b6c93379270f
  Realm: 995d585bcf699aaff226715886c849a29dd3d07f
  RealmSwift: 35f284a537989f2187b413e5917091948cb87a3f
  SwiftLint: 5553187048b900c91aa03552807681bb6b027846
  SwiftMessages: b577dc7043be8b299857ab35bb663dbff6483bd0
  SwiftSVG: 564783017fd4aec7f6edf124f894b14d360c6bee
  SwiftyBeaver: aaf2ebd7dac2e952991f46a82ed24ad642867ae2
  SwiftyHue: a710b406c931f84e626c5cfc47ce469d7ba01684
  TORoundedButton: d40dbf6f830dbe7a784a592d9f7933a3a49fd31e

PODFILE CHECKSUM: 5d1a6eac54093d7ff91cb12d937d94a710b554e2

COCOAPODS: 1.8.3
