// !$*UTF8*$!
{
	archiveVersion = 1;
	classes = {
	};
	objectVersion = 51;
	objects = {

/* Begin PBXBuildFile section */
		22312DAF47E6FE51235D1AC8 /* Pods_RedGreenBlue.framework in Frameworks */ = {isa = PBXBuildFile; fileRef = F8D37A15058741D24ED3DD3B /* Pods_RedGreenBlue.framework */; };
		45B6C0AFDACD263DB6F68320 /* Pods_RedGreenBlueUITests.framework in Frameworks */ = {isa = PBXBuildFile; fileRef = A5600EDE58F75123E0B152B0 /* Pods_RedGreenBlueUITests.framework */; };
		460F71FC230CA01D008EE24C /* RGBGroupsAndLightsHelper.swift in Sources */ = {isa = PBXBuildFile; fileRef = 460F71FB230CA01D008EE24C /* RGBGroupsAndLightsHelper.swift */; };
		46CCAA0B2307025C0054187A /* BridgeModel.swift in Sources */ = {isa = PBXBuildFile; fileRef = 46CCAA0A2307025C0054187A /* BridgeModel.swift */; };
		46CCAA1023072F860054187A /* LightGroupsTableViewController.swift in Sources */ = {isa = PBXBuildFile; fileRef = 46CCAA0F23072F860054187A /* LightGroupsTableViewController.swift */; };
		46CCAA122307548B0054187A /* LightsGroupCustomCell.swift in Sources */ = {isa = PBXBuildFile; fileRef = 46CCAA112307548B0054187A /* LightsGroupCustomCell.swift */; };
		46CCAA142307870B0054187A /* RGBRequest.swift in Sources */ = {isa = PBXBuildFile; fileRef = 46CCAA132307870B0054187A /* RGBRequest.swift */; };
		46CCAA16230848F90054187A /* LightTableViewController.swift in Sources */ = {isa = PBXBuildFile; fileRef = 46CCAA15230848F90054187A /* LightTableViewController.swift */; };
		46CCAA182308667B0054187A /* FetchLightState.swift in Sources */ = {isa = PBXBuildFile; fileRef = 46CCAA172308667B0054187A /* FetchLightState.swift */; };
		46EF2DAC230ED09C0021B28B /* LightsCustomCell.swift in Sources */ = {isa = PBXBuildFile; fileRef = 46EF2DAB230ED09C0021B28B /* LightsCustomCell.swift */; };
		6F4B3E1B2308528A000F44DA /* CustomMessageView.xib in Resources */ = {isa = PBXBuildFile; fileRef = 6F4B3E1A2308528A000F44DA /* CustomMessageView.xib */; };
		6FA9CDEA23062EF20011A2F8 /* AppDelegate.swift in Sources */ = {isa = PBXBuildFile; fileRef = 6FA9CDE923062EF20011A2F8 /* AppDelegate.swift */; };
		6FA9CDEE23062EF20011A2F8 /* SecondViewController.swift in Sources */ = {isa = PBXBuildFile; fileRef = 6FA9CDED23062EF20011A2F8 /* SecondViewController.swift */; };
		6FA9CDF123062EF20011A2F8 /* Main.storyboard in Resources */ = {isa = PBXBuildFile; fileRef = 6FA9CDEF23062EF20011A2F8 /* Main.storyboard */; };
		6FA9CDF323062EF30011A2F8 /* Assets.xcassets in Resources */ = {isa = PBXBuildFile; fileRef = 6FA9CDF223062EF30011A2F8 /* Assets.xcassets */; };
		6FA9CDF623062EF30011A2F8 /* LaunchScreen.storyboard in Resources */ = {isa = PBXBuildFile; fileRef = 6FA9CDF423062EF30011A2F8 /* LaunchScreen.storyboard */; };
		6FA9CE0123062EF40011A2F8 /* RedGreenBlueTests.swift in Sources */ = {isa = PBXBuildFile; fileRef = 6FA9CE0023062EF40011A2F8 /* RedGreenBlueTests.swift */; };
		6FA9CE0C23062EF40011A2F8 /* RedGreenBlueUITests.swift in Sources */ = {isa = PBXBuildFile; fileRef = 6FA9CE0B23062EF40011A2F8 /* RedGreenBlueUITests.swift */; };
		6FA9CE1A230635E70011A2F8 /* BridgesTableViewController.swift in Sources */ = {isa = PBXBuildFile; fileRef = 6FA9CE19230635E70011A2F8 /* BridgesTableViewController.swift */; };
		D1C4E6685F2D264202C18A77 /* Pods_RedGreenBlueTests.framework in Frameworks */ = {isa = PBXBuildFile; fileRef = C40FFE1F74C8594B37BA9BB6 /* Pods_RedGreenBlueTests.framework */; };
/* End PBXBuildFile section */

/* Begin PBXContainerItemProxy section */
		6FA9CDFD23062EF40011A2F8 /* PBXContainerItemProxy */ = {
			isa = PBXContainerItemProxy;
			containerPortal = 6FA9CDDE23062EF20011A2F8 /* Project object */;
			proxyType = 1;
			remoteGlobalIDString = 6FA9CDE523062EF20011A2F8;
			remoteInfo = RedGreenBlue;
		};
		6FA9CE0823062EF40011A2F8 /* PBXContainerItemProxy */ = {
			isa = PBXContainerItemProxy;
			containerPortal = 6FA9CDDE23062EF20011A2F8 /* Project object */;
			proxyType = 1;
			remoteGlobalIDString = 6FA9CDE523062EF20011A2F8;
			remoteInfo = RedGreenBlue;
		};
/* End PBXContainerItemProxy section */

/* Begin PBXFileReference section */
		128E4C0BD168185191980114 /* Pods-RedGreenBlueTests.release.xcconfig */ = {isa = PBXFileReference; includeInIndex = 1; lastKnownFileType = text.xcconfig; name = "Pods-RedGreenBlueTests.release.xcconfig"; path = "Target Support Files/Pods-RedGreenBlueTests/Pods-RedGreenBlueTests.release.xcconfig"; sourceTree = "<group>"; };
		460F71FB230CA01D008EE24C /* RGBGroupsAndLightsHelper.swift */ = {isa = PBXFileReference; lastKnownFileType = sourcecode.swift; path = RGBGroupsAndLightsHelper.swift; sourceTree = "<group>"; };
		46CCAA0A2307025C0054187A /* BridgeModel.swift */ = {isa = PBXFileReference; lastKnownFileType = sourcecode.swift; path = BridgeModel.swift; sourceTree = "<group>"; };
		46CCAA0F23072F860054187A /* LightGroupsTableViewController.swift */ = {isa = PBXFileReference; lastKnownFileType = sourcecode.swift; path = LightGroupsTableViewController.swift; sourceTree = "<group>"; };
		46CCAA112307548B0054187A /* LightsGroupCustomCell.swift */ = {isa = PBXFileReference; lastKnownFileType = sourcecode.swift; path = LightsGroupCustomCell.swift; sourceTree = "<group>"; };
		46CCAA132307870B0054187A /* RGBRequest.swift */ = {isa = PBXFileReference; lastKnownFileType = sourcecode.swift; path = RGBRequest.swift; sourceTree = "<group>"; };
		46CCAA15230848F90054187A /* LightTableViewController.swift */ = {isa = PBXFileReference; lastKnownFileType = sourcecode.swift; path = LightTableViewController.swift; sourceTree = "<group>"; };
		46CCAA172308667B0054187A /* FetchLightState.swift */ = {isa = PBXFileReference; lastKnownFileType = sourcecode.swift; path = FetchLightState.swift; sourceTree = "<group>"; };
		46EF2DAB230ED09C0021B28B /* LightsCustomCell.swift */ = {isa = PBXFileReference; lastKnownFileType = sourcecode.swift; path = LightsCustomCell.swift; sourceTree = "<group>"; };
		66085FF42EEB085036083DC7 /* Pods-RedGreenBlueUITests.release.xcconfig */ = {isa = PBXFileReference; includeInIndex = 1; lastKnownFileType = text.xcconfig; name = "Pods-RedGreenBlueUITests.release.xcconfig"; path = "Target Support Files/Pods-RedGreenBlueUITests/Pods-RedGreenBlueUITests.release.xcconfig"; sourceTree = "<group>"; };
		68B1AC65FE92B8C07F009E19 /* Pods-RedGreenBlue.debug.xcconfig */ = {isa = PBXFileReference; includeInIndex = 1; lastKnownFileType = text.xcconfig; name = "Pods-RedGreenBlue.debug.xcconfig"; path = "Target Support Files/Pods-RedGreenBlue/Pods-RedGreenBlue.debug.xcconfig"; sourceTree = "<group>"; };
		6F4B3E1A2308528A000F44DA /* CustomMessageView.xib */ = {isa = PBXFileReference; lastKnownFileType = file.xib; path = CustomMessageView.xib; sourceTree = "<group>"; };
		6FA9CDE623062EF20011A2F8 /* RedGreenBlue.app */ = {isa = PBXFileReference; explicitFileType = wrapper.application; includeInIndex = 0; path = RedGreenBlue.app; sourceTree = BUILT_PRODUCTS_DIR; };
		6FA9CDE923062EF20011A2F8 /* AppDelegate.swift */ = {isa = PBXFileReference; lastKnownFileType = sourcecode.swift; path = AppDelegate.swift; sourceTree = "<group>"; };
		6FA9CDED23062EF20011A2F8 /* SecondViewController.swift */ = {isa = PBXFileReference; lastKnownFileType = sourcecode.swift; path = SecondViewController.swift; sourceTree = "<group>"; };
		6FA9CDF023062EF20011A2F8 /* Base */ = {isa = PBXFileReference; lastKnownFileType = file.storyboard; name = Base; path = Base.lproj/Main.storyboard; sourceTree = "<group>"; };
		6FA9CDF223062EF30011A2F8 /* Assets.xcassets */ = {isa = PBXFileReference; lastKnownFileType = folder.assetcatalog; path = Assets.xcassets; sourceTree = "<group>"; };
		6FA9CDF523062EF30011A2F8 /* Base */ = {isa = PBXFileReference; lastKnownFileType = file.storyboard; name = Base; path = Base.lproj/LaunchScreen.storyboard; sourceTree = "<group>"; };
		6FA9CDF723062EF30011A2F8 /* Info.plist */ = {isa = PBXFileReference; lastKnownFileType = text.plist.xml; path = Info.plist; sourceTree = "<group>"; };
		6FA9CDFC23062EF40011A2F8 /* RedGreenBlueTests.xctest */ = {isa = PBXFileReference; explicitFileType = wrapper.cfbundle; includeInIndex = 0; path = RedGreenBlueTests.xctest; sourceTree = BUILT_PRODUCTS_DIR; };
		6FA9CE0023062EF40011A2F8 /* RedGreenBlueTests.swift */ = {isa = PBXFileReference; lastKnownFileType = sourcecode.swift; path = RedGreenBlueTests.swift; sourceTree = "<group>"; };
		6FA9CE0223062EF40011A2F8 /* Info.plist */ = {isa = PBXFileReference; lastKnownFileType = text.plist.xml; path = Info.plist; sourceTree = "<group>"; };
		6FA9CE0723062EF40011A2F8 /* RedGreenBlueUITests.xctest */ = {isa = PBXFileReference; explicitFileType = wrapper.cfbundle; includeInIndex = 0; path = RedGreenBlueUITests.xctest; sourceTree = BUILT_PRODUCTS_DIR; };
		6FA9CE0B23062EF40011A2F8 /* RedGreenBlueUITests.swift */ = {isa = PBXFileReference; lastKnownFileType = sourcecode.swift; path = RedGreenBlueUITests.swift; sourceTree = "<group>"; };
		6FA9CE0D23062EF40011A2F8 /* Info.plist */ = {isa = PBXFileReference; lastKnownFileType = text.plist.xml; path = Info.plist; sourceTree = "<group>"; };
		6FA9CE19230635E70011A2F8 /* BridgesTableViewController.swift */ = {isa = PBXFileReference; lastKnownFileType = sourcecode.swift; path = BridgesTableViewController.swift; sourceTree = "<group>"; };
		71396FC2CCD8C1D60CD630F5 /* Pods-RedGreenBlueTests.debug.xcconfig */ = {isa = PBXFileReference; includeInIndex = 1; lastKnownFileType = text.xcconfig; name = "Pods-RedGreenBlueTests.debug.xcconfig"; path = "Target Support Files/Pods-RedGreenBlueTests/Pods-RedGreenBlueTests.debug.xcconfig"; sourceTree = "<group>"; };
		A5600EDE58F75123E0B152B0 /* Pods_RedGreenBlueUITests.framework */ = {isa = PBXFileReference; explicitFileType = wrapper.framework; includeInIndex = 0; path = Pods_RedGreenBlueUITests.framework; sourceTree = BUILT_PRODUCTS_DIR; };
		B64E619D6B85D176217C6898 /* Pods-RedGreenBlueUITests.debug.xcconfig */ = {isa = PBXFileReference; includeInIndex = 1; lastKnownFileType = text.xcconfig; name = "Pods-RedGreenBlueUITests.debug.xcconfig"; path = "Target Support Files/Pods-RedGreenBlueUITests/Pods-RedGreenBlueUITests.debug.xcconfig"; sourceTree = "<group>"; };
		C40FFE1F74C8594B37BA9BB6 /* Pods_RedGreenBlueTests.framework */ = {isa = PBXFileReference; explicitFileType = wrapper.framework; includeInIndex = 0; path = Pods_RedGreenBlueTests.framework; sourceTree = BUILT_PRODUCTS_DIR; };
		F8D37A15058741D24ED3DD3B /* Pods_RedGreenBlue.framework */ = {isa = PBXFileReference; explicitFileType = wrapper.framework; includeInIndex = 0; path = Pods_RedGreenBlue.framework; sourceTree = BUILT_PRODUCTS_DIR; };
		FF6A693417FD821C9FDA979A /* Pods-RedGreenBlue.release.xcconfig */ = {isa = PBXFileReference; includeInIndex = 1; lastKnownFileType = text.xcconfig; name = "Pods-RedGreenBlue.release.xcconfig"; path = "Target Support Files/Pods-RedGreenBlue/Pods-RedGreenBlue.release.xcconfig"; sourceTree = "<group>"; };
/* End PBXFileReference section */

/* Begin PBXFrameworksBuildPhase section */
		6FA9CDE323062EF20011A2F8 /* Frameworks */ = {
			isa = PBXFrameworksBuildPhase;
			buildActionMask = 2147483647;
			files = (
				22312DAF47E6FE51235D1AC8 /* Pods_RedGreenBlue.framework in Frameworks */,
			);
			runOnlyForDeploymentPostprocessing = 0;
		};
		6FA9CDF923062EF40011A2F8 /* Frameworks */ = {
			isa = PBXFrameworksBuildPhase;
			buildActionMask = 2147483647;
			files = (
				D1C4E6685F2D264202C18A77 /* Pods_RedGreenBlueTests.framework in Frameworks */,
			);
			runOnlyForDeploymentPostprocessing = 0;
		};
		6FA9CE0423062EF40011A2F8 /* Frameworks */ = {
			isa = PBXFrameworksBuildPhase;
			buildActionMask = 2147483647;
			files = (
				45B6C0AFDACD263DB6F68320 /* Pods_RedGreenBlueUITests.framework in Frameworks */,
			);
			runOnlyForDeploymentPostprocessing = 0;
		};
/* End PBXFrameworksBuildPhase section */

/* Begin PBXGroup section */
		46CCAA0C2307058A0054187A /* Models */ = {
			isa = PBXGroup;
			children = (
				46CCAA0A2307025C0054187A /* BridgeModel.swift */,
				46CCAA112307548B0054187A /* LightsGroupCustomCell.swift */,
				46EF2DAB230ED09C0021B28B /* LightsCustomCell.swift */,
				46CCAA172308667B0054187A /* FetchLightState.swift */,
				46CCAA132307870B0054187A /* RGBRequest.swift */,
				460F71FB230CA01D008EE24C /* RGBGroupsAndLightsHelper.swift */,
			);
			path = Models;
			sourceTree = "<group>";
		};
		46CCAA0D230705940054187A /* Controllers */ = {
			isa = PBXGroup;
			children = (
				6FA9CDED23062EF20011A2F8 /* SecondViewController.swift */,
				6FA9CE19230635E70011A2F8 /* BridgesTableViewController.swift */,
				46CCAA0F23072F860054187A /* LightGroupsTableViewController.swift */,
				46CCAA15230848F90054187A /* LightTableViewController.swift */,
			);
			path = Controllers;
			sourceTree = "<group>";
		};
		46CCAA0E230705A30054187A /* Storyboards */ = {
			isa = PBXGroup;
			children = (
				6FA9CDEF23062EF20011A2F8 /* Main.storyboard */,
				6FA9CDF423062EF30011A2F8 /* LaunchScreen.storyboard */,
				6F4B3E1A2308528A000F44DA /* CustomMessageView.xib */,
			);
			path = Storyboards;
			sourceTree = "<group>";
		};
		6FA9CDDD23062EF20011A2F8 = {
			isa = PBXGroup;
			children = (
				6FA9CDE823062EF20011A2F8 /* RedGreenBlue */,
				6FA9CDFF23062EF40011A2F8 /* RedGreenBlueTests */,
				6FA9CE0A23062EF40011A2F8 /* RedGreenBlueUITests */,
				6FA9CDE723062EF20011A2F8 /* Products */,
				81A6609186B650ADBFC162B6 /* Pods */,
				A4D242EDFB82FD1DDB78C2C8 /* Frameworks */,
			);
			sourceTree = "<group>";
		};
		6FA9CDE723062EF20011A2F8 /* Products */ = {
			isa = PBXGroup;
			children = (
				6FA9CDE623062EF20011A2F8 /* RedGreenBlue.app */,
				6FA9CDFC23062EF40011A2F8 /* RedGreenBlueTests.xctest */,
				6FA9CE0723062EF40011A2F8 /* RedGreenBlueUITests.xctest */,
			);
			name = Products;
			sourceTree = "<group>";
		};
		6FA9CDE823062EF20011A2F8 /* RedGreenBlue */ = {
			isa = PBXGroup;
			children = (
				6FA9CDE923062EF20011A2F8 /* AppDelegate.swift */,
				46CCAA0C2307058A0054187A /* Models */,
				46CCAA0D230705940054187A /* Controllers */,
				46CCAA0E230705A30054187A /* Storyboards */,
				6FA9CDF223062EF30011A2F8 /* Assets.xcassets */,
				6FA9CDF723062EF30011A2F8 /* Info.plist */,
			);
			path = RedGreenBlue;
			sourceTree = "<group>";
		};
		6FA9CDFF23062EF40011A2F8 /* RedGreenBlueTests */ = {
			isa = PBXGroup;
			children = (
				6FA9CE0023062EF40011A2F8 /* RedGreenBlueTests.swift */,
				6FA9CE0223062EF40011A2F8 /* Info.plist */,
			);
			path = RedGreenBlueTests;
			sourceTree = "<group>";
		};
		6FA9CE0A23062EF40011A2F8 /* RedGreenBlueUITests */ = {
			isa = PBXGroup;
			children = (
				6FA9CE0B23062EF40011A2F8 /* RedGreenBlueUITests.swift */,
				6FA9CE0D23062EF40011A2F8 /* Info.plist */,
			);
			path = RedGreenBlueUITests;
			sourceTree = "<group>";
		};
		81A6609186B650ADBFC162B6 /* Pods */ = {
			isa = PBXGroup;
			children = (
				68B1AC65FE92B8C07F009E19 /* Pods-RedGreenBlue.debug.xcconfig */,
				FF6A693417FD821C9FDA979A /* Pods-RedGreenBlue.release.xcconfig */,
				71396FC2CCD8C1D60CD630F5 /* Pods-RedGreenBlueTests.debug.xcconfig */,
				128E4C0BD168185191980114 /* Pods-RedGreenBlueTests.release.xcconfig */,
				B64E619D6B85D176217C6898 /* Pods-RedGreenBlueUITests.debug.xcconfig */,
				66085FF42EEB085036083DC7 /* Pods-RedGreenBlueUITests.release.xcconfig */,
			);
			path = Pods;
			sourceTree = "<group>";
		};
		A4D242EDFB82FD1DDB78C2C8 /* Frameworks */ = {
			isa = PBXGroup;
			children = (
				F8D37A15058741D24ED3DD3B /* Pods_RedGreenBlue.framework */,
				C40FFE1F74C8594B37BA9BB6 /* Pods_RedGreenBlueTests.framework */,
				A5600EDE58F75123E0B152B0 /* Pods_RedGreenBlueUITests.framework */,
			);
			name = Frameworks;
			sourceTree = "<group>";
		};
/* End PBXGroup section */

/* Begin PBXNativeTarget section */
		6FA9CDE523062EF20011A2F8 /* RedGreenBlue */ = {
			isa = PBXNativeTarget;
			buildConfigurationList = 6FA9CE1023062EF40011A2F8 /* Build configuration list for PBXNativeTarget "RedGreenBlue" */;
			buildPhases = (
				6B6D30C27E9A8D0F45B4636B /* [CP] Check Pods Manifest.lock */,
				6FA9CDE223062EF20011A2F8 /* Sources */,
				6FA9CDE323062EF20011A2F8 /* Frameworks */,
				6FA9CDE423062EF20011A2F8 /* Resources */,
				05728945DBA2B6CB64EC5BC7 /* [CP] Embed Pods Frameworks */,
				6FCB4761230793B500D1B184 /* ShellScript */,
			);
			buildRules = (
			);
			dependencies = (
			);
			name = RedGreenBlue;
			productName = RedGreenBlue;
			productReference = 6FA9CDE623062EF20011A2F8 /* RedGreenBlue.app */;
			productType = "com.apple.product-type.application";
		};
		6FA9CDFB23062EF40011A2F8 /* RedGreenBlueTests */ = {
			isa = PBXNativeTarget;
			buildConfigurationList = 6FA9CE1323062EF40011A2F8 /* Build configuration list for PBXNativeTarget "RedGreenBlueTests" */;
			buildPhases = (
				CEBEFE200A4AE55347F82FDB /* [CP] Check Pods Manifest.lock */,
				6FA9CDF823062EF40011A2F8 /* Sources */,
				6FA9CDF923062EF40011A2F8 /* Frameworks */,
				6FA9CDFA23062EF40011A2F8 /* Resources */,
			);
			buildRules = (
			);
			dependencies = (
				6FA9CDFE23062EF40011A2F8 /* PBXTargetDependency */,
			);
			name = RedGreenBlueTests;
			productName = RedGreenBlueTests;
			productReference = 6FA9CDFC23062EF40011A2F8 /* RedGreenBlueTests.xctest */;
			productType = "com.apple.product-type.bundle.unit-test";
		};
		6FA9CE0623062EF40011A2F8 /* RedGreenBlueUITests */ = {
			isa = PBXNativeTarget;
			buildConfigurationList = 6FA9CE1623062EF40011A2F8 /* Build configuration list for PBXNativeTarget "RedGreenBlueUITests" */;
			buildPhases = (
				51BD7B8947D2F3AD2F87BF18 /* [CP] Check Pods Manifest.lock */,
				6FA9CE0323062EF40011A2F8 /* Sources */,
				6FA9CE0423062EF40011A2F8 /* Frameworks */,
				6FA9CE0523062EF40011A2F8 /* Resources */,
			);
			buildRules = (
			);
			dependencies = (
				6FA9CE0923062EF40011A2F8 /* PBXTargetDependency */,
			);
			name = RedGreenBlueUITests;
			productName = RedGreenBlueUITests;
			productReference = 6FA9CE0723062EF40011A2F8 /* RedGreenBlueUITests.xctest */;
			productType = "com.apple.product-type.bundle.ui-testing";
		};
/* End PBXNativeTarget section */

/* Begin PBXProject section */
		6FA9CDDE23062EF20011A2F8 /* Project object */ = {
			isa = PBXProject;
			attributes = {
				LastSwiftUpdateCheck = 1030;
				LastUpgradeCheck = 1030;
				ORGANIZATIONNAME = "Dana Griffin";
				TargetAttributes = {
					6FA9CDE523062EF20011A2F8 = {
						CreatedOnToolsVersion = 10.3;
					};
					6FA9CDFB23062EF40011A2F8 = {
						CreatedOnToolsVersion = 10.3;
						TestTargetID = 6FA9CDE523062EF20011A2F8;
					};
					6FA9CE0623062EF40011A2F8 = {
						CreatedOnToolsVersion = 10.3;
						TestTargetID = 6FA9CDE523062EF20011A2F8;
					};
				};
			};
			buildConfigurationList = 6FA9CDE123062EF20011A2F8 /* Build configuration list for PBXProject "RedGreenBlue" */;
			compatibilityVersion = "Xcode 9.3";
			developmentRegion = en;
			hasScannedForEncodings = 0;
			knownRegions = (
				en,
				Base,
			);
			mainGroup = 6FA9CDDD23062EF20011A2F8;
			productRefGroup = 6FA9CDE723062EF20011A2F8 /* Products */;
			projectDirPath = "";
			projectRoot = "";
			targets = (
				6FA9CDE523062EF20011A2F8 /* RedGreenBlue */,
				6FA9CDFB23062EF40011A2F8 /* RedGreenBlueTests */,
				6FA9CE0623062EF40011A2F8 /* RedGreenBlueUITests */,
			);
		};
/* End PBXProject section */

/* Begin PBXResourcesBuildPhase section */
		6FA9CDE423062EF20011A2F8 /* Resources */ = {
			isa = PBXResourcesBuildPhase;
			buildActionMask = 2147483647;
			files = (
				6FA9CDF623062EF30011A2F8 /* LaunchScreen.storyboard in Resources */,
				6F4B3E1B2308528A000F44DA /* CustomMessageView.xib in Resources */,
				6FA9CDF323062EF30011A2F8 /* Assets.xcassets in Resources */,
				6FA9CDF123062EF20011A2F8 /* Main.storyboard in Resources */,
			);
			runOnlyForDeploymentPostprocessing = 0;
		};
		6FA9CDFA23062EF40011A2F8 /* Resources */ = {
			isa = PBXResourcesBuildPhase;
			buildActionMask = 2147483647;
			files = (
			);
			runOnlyForDeploymentPostprocessing = 0;
		};
		6FA9CE0523062EF40011A2F8 /* Resources */ = {
			isa = PBXResourcesBuildPhase;
			buildActionMask = 2147483647;
			files = (
			);
			runOnlyForDeploymentPostprocessing = 0;
		};
/* End PBXResourcesBuildPhase section */

/* Begin PBXShellScriptBuildPhase section */
		05728945DBA2B6CB64EC5BC7 /* [CP] Embed Pods Frameworks */ = {
			isa = PBXShellScriptBuildPhase;
			buildActionMask = 2147483647;
			files = (
			);
			inputFileListPaths = (
				"${PODS_ROOT}/Target Support Files/Pods-RedGreenBlue/Pods-RedGreenBlue-frameworks-${CONFIGURATION}-input-files.xcfilelist",
			);
			name = "[CP] Embed Pods Frameworks";
			outputFileListPaths = (
				"${PODS_ROOT}/Target Support Files/Pods-RedGreenBlue/Pods-RedGreenBlue-frameworks-${CONFIGURATION}-output-files.xcfilelist",
			);
			runOnlyForDeploymentPostprocessing = 0;
			shellPath = /bin/sh;
			shellScript = "\"${PODS_ROOT}/Target Support Files/Pods-RedGreenBlue/Pods-RedGreenBlue-frameworks.sh\"\n";
			showEnvVarsInLog = 0;
		};
		51BD7B8947D2F3AD2F87BF18 /* [CP] Check Pods Manifest.lock */ = {
			isa = PBXShellScriptBuildPhase;
			buildActionMask = 2147483647;
			files = (
			);
			inputFileListPaths = (
			);
			inputPaths = (
				"${PODS_PODFILE_DIR_PATH}/Podfile.lock",
				"${PODS_ROOT}/Manifest.lock",
			);
			name = "[CP] Check Pods Manifest.lock";
			outputFileListPaths = (
			);
			outputPaths = (
				"$(DERIVED_FILE_DIR)/Pods-RedGreenBlueUITests-checkManifestLockResult.txt",
			);
			runOnlyForDeploymentPostprocessing = 0;
			shellPath = /bin/sh;
			shellScript = "diff \"${PODS_PODFILE_DIR_PATH}/Podfile.lock\" \"${PODS_ROOT}/Manifest.lock\" > /dev/null\nif [ $? != 0 ] ; then\n    # print error to STDERR\n    echo \"error: The sandbox is not in sync with the Podfile.lock. Run 'pod install' or update your CocoaPods installation.\" >&2\n    exit 1\nfi\n# This output is used by Xcode 'outputs' to avoid re-running this script phase.\necho \"SUCCESS\" > \"${SCRIPT_OUTPUT_FILE_0}\"\n";
			showEnvVarsInLog = 0;
		};
		6B6D30C27E9A8D0F45B4636B /* [CP] Check Pods Manifest.lock */ = {
			isa = PBXShellScriptBuildPhase;
			buildActionMask = 2147483647;
			files = (
			);
			inputFileListPaths = (
			);
			inputPaths = (
				"${PODS_PODFILE_DIR_PATH}/Podfile.lock",
				"${PODS_ROOT}/Manifest.lock",
			);
			name = "[CP] Check Pods Manifest.lock";
			outputFileListPaths = (
			);
			outputPaths = (
				"$(DERIVED_FILE_DIR)/Pods-RedGreenBlue-checkManifestLockResult.txt",
			);
			runOnlyForDeploymentPostprocessing = 0;
			shellPath = /bin/sh;
			shellScript = "diff \"${PODS_PODFILE_DIR_PATH}/Podfile.lock\" \"${PODS_ROOT}/Manifest.lock\" > /dev/null\nif [ $? != 0 ] ; then\n    # print error to STDERR\n    echo \"error: The sandbox is not in sync with the Podfile.lock. Run 'pod install' or update your CocoaPods installation.\" >&2\n    exit 1\nfi\n# This output is used by Xcode 'outputs' to avoid re-running this script phase.\necho \"SUCCESS\" > \"${SCRIPT_OUTPUT_FILE_0}\"\n";
			showEnvVarsInLog = 0;
		};
		6FCB4761230793B500D1B184 /* ShellScript */ = {
			isa = PBXShellScriptBuildPhase;
			buildActionMask = 2147483647;
			files = (
			);
			inputFileListPaths = (
			);
			inputPaths = (
			);
			outputFileListPaths = (
			);
			outputPaths = (
			);
			runOnlyForDeploymentPostprocessing = 0;
			shellPath = /bin/sh;
			shellScript = "# Type a script or drag a script file from your workspace to insert its path.\n\"${PODS_ROOT}/SwiftLint/swiftlint\"\n";
		};
		CEBEFE200A4AE55347F82FDB /* [CP] Check Pods Manifest.lock */ = {
			isa = PBXShellScriptBuildPhase;
			buildActionMask = 2147483647;
			files = (
			);
			inputFileListPaths = (
			);
			inputPaths = (
				"${PODS_PODFILE_DIR_PATH}/Podfile.lock",
				"${PODS_ROOT}/Manifest.lock",
			);
			name = "[CP] Check Pods Manifest.lock";
			outputFileListPaths = (
			);
			outputPaths = (
				"$(DERIVED_FILE_DIR)/Pods-RedGreenBlueTests-checkManifestLockResult.txt",
			);
			runOnlyForDeploymentPostprocessing = 0;
			shellPath = /bin/sh;
			shellScript = "diff \"${PODS_PODFILE_DIR_PATH}/Podfile.lock\" \"${PODS_ROOT}/Manifest.lock\" > /dev/null\nif [ $? != 0 ] ; then\n    # print error to STDERR\n    echo \"error: The sandbox is not in sync with the Podfile.lock. Run 'pod install' or update your CocoaPods installation.\" >&2\n    exit 1\nfi\n# This output is used by Xcode 'outputs' to avoid re-running this script phase.\necho \"SUCCESS\" > \"${SCRIPT_OUTPUT_FILE_0}\"\n";
			showEnvVarsInLog = 0;
		};
/* End PBXShellScriptBuildPhase section */

/* Begin PBXSourcesBuildPhase section */
		6FA9CDE223062EF20011A2F8 /* Sources */ = {
			isa = PBXSourcesBuildPhase;
			buildActionMask = 2147483647;
			files = (
				46CCAA16230848F90054187A /* LightTableViewController.swift in Sources */,
				46CCAA142307870B0054187A /* RGBRequest.swift in Sources */,
				6FA9CE1A230635E70011A2F8 /* BridgesTableViewController.swift in Sources */,
				6FA9CDEE23062EF20011A2F8 /* SecondViewController.swift in Sources */,
				46CCAA1023072F860054187A /* LightGroupsTableViewController.swift in Sources */,
				46CCAA122307548B0054187A /* LightsGroupCustomCell.swift in Sources */,
				46CCAA182308667B0054187A /* FetchLightState.swift in Sources */,
				46EF2DAC230ED09C0021B28B /* LightsCustomCell.swift in Sources */,
				6FA9CDEA23062EF20011A2F8 /* AppDelegate.swift in Sources */,
				460F71FC230CA01D008EE24C /* RGBGroupsAndLightsHelper.swift in Sources */,
				46CCAA0B2307025C0054187A /* BridgeModel.swift in Sources */,
			);
			runOnlyForDeploymentPostprocessing = 0;
		};
		6FA9CDF823062EF40011A2F8 /* Sources */ = {
			isa = PBXSourcesBuildPhase;
			buildActionMask = 2147483647;
			files = (
				6FA9CE0123062EF40011A2F8 /* RedGreenBlueTests.swift in Sources */,
			);
			runOnlyForDeploymentPostprocessing = 0;
		};
		6FA9CE0323062EF40011A2F8 /* Sources */ = {
			isa = PBXSourcesBuildPhase;
			buildActionMask = 2147483647;
			files = (
				6FA9CE0C23062EF40011A2F8 /* RedGreenBlueUITests.swift in Sources */,
			);
			runOnlyForDeploymentPostprocessing = 0;
		};
/* End PBXSourcesBuildPhase section */

/* Begin PBXTargetDependency section */
		6FA9CDFE23062EF40011A2F8 /* PBXTargetDependency */ = {
			isa = PBXTargetDependency;
			target = 6FA9CDE523062EF20011A2F8 /* RedGreenBlue */;
			targetProxy = 6FA9CDFD23062EF40011A2F8 /* PBXContainerItemProxy */;
		};
		6FA9CE0923062EF40011A2F8 /* PBXTargetDependency */ = {
			isa = PBXTargetDependency;
			target = 6FA9CDE523062EF20011A2F8 /* RedGreenBlue */;
			targetProxy = 6FA9CE0823062EF40011A2F8 /* PBXContainerItemProxy */;
		};
/* End PBXTargetDependency section */

/* Begin PBXVariantGroup section */
		6FA9CDEF23062EF20011A2F8 /* Main.storyboard */ = {
			isa = PBXVariantGroup;
			children = (
				6FA9CDF023062EF20011A2F8 /* Base */,
			);
			name = Main.storyboard;
			sourceTree = "<group>";
		};
		6FA9CDF423062EF30011A2F8 /* LaunchScreen.storyboard */ = {
			isa = PBXVariantGroup;
			children = (
				6FA9CDF523062EF30011A2F8 /* Base */,
			);
			name = LaunchScreen.storyboard;
			sourceTree = "<group>";
		};
/* End PBXVariantGroup section */

/* Begin XCBuildConfiguration section */
		6FA9CE0E23062EF40011A2F8 /* Debug */ = {
			isa = XCBuildConfiguration;
			buildSettings = {
				ALWAYS_SEARCH_USER_PATHS = NO;
				CLANG_ANALYZER_NONNULL = YES;
				CLANG_ANALYZER_NUMBER_OBJECT_CONVERSION = YES_AGGRESSIVE;
				CLANG_CXX_LANGUAGE_STANDARD = "gnu++14";
				CLANG_CXX_LIBRARY = "libc++";
				CLANG_ENABLE_MODULES = YES;
				CLANG_ENABLE_OBJC_ARC = YES;
				CLANG_ENABLE_OBJC_WEAK = YES;
				CLANG_WARN_BLOCK_CAPTURE_AUTORELEASING = YES;
				CLANG_WARN_BOOL_CONVERSION = YES;
				CLANG_WARN_COMMA = YES;
				CLANG_WARN_CONSTANT_CONVERSION = YES;
				CLANG_WARN_DEPRECATED_OBJC_IMPLEMENTATIONS = YES;
				CLANG_WARN_DIRECT_OBJC_ISA_USAGE = YES_ERROR;
				CLANG_WARN_DOCUMENTATION_COMMENTS = YES;
				CLANG_WARN_EMPTY_BODY = YES;
				CLANG_WARN_ENUM_CONVERSION = YES;
				CLANG_WARN_INFINITE_RECURSION = YES;
				CLANG_WARN_INT_CONVERSION = YES;
				CLANG_WARN_NON_LITERAL_NULL_CONVERSION = YES;
				CLANG_WARN_OBJC_IMPLICIT_RETAIN_SELF = YES;
				CLANG_WARN_OBJC_LITERAL_CONVERSION = YES;
				CLANG_WARN_OBJC_ROOT_CLASS = YES_ERROR;
				CLANG_WARN_RANGE_LOOP_ANALYSIS = YES;
				CLANG_WARN_STRICT_PROTOTYPES = YES;
				CLANG_WARN_SUSPICIOUS_MOVE = YES;
				CLANG_WARN_UNGUARDED_AVAILABILITY = YES_AGGRESSIVE;
				CLANG_WARN_UNREACHABLE_CODE = YES;
				CLANG_WARN__DUPLICATE_METHOD_MATCH = YES;
				CODE_SIGN_IDENTITY = "iPhone Developer";
				COPY_PHASE_STRIP = NO;
				DEBUG_INFORMATION_FORMAT = dwarf;
				ENABLE_STRICT_OBJC_MSGSEND = YES;
				ENABLE_TESTABILITY = YES;
				GCC_C_LANGUAGE_STANDARD = gnu11;
				GCC_DYNAMIC_NO_PIC = NO;
				GCC_NO_COMMON_BLOCKS = YES;
				GCC_OPTIMIZATION_LEVEL = 0;
				GCC_PREPROCESSOR_DEFINITIONS = (
					"DEBUG=1",
					"$(inherited)",
				);
				GCC_WARN_64_TO_32_BIT_CONVERSION = YES;
				GCC_WARN_ABOUT_RETURN_TYPE = YES_ERROR;
				GCC_WARN_UNDECLARED_SELECTOR = YES;
				GCC_WARN_UNINITIALIZED_AUTOS = YES_AGGRESSIVE;
				GCC_WARN_UNUSED_FUNCTION = YES;
				GCC_WARN_UNUSED_VARIABLE = YES;
				IPHONEOS_DEPLOYMENT_TARGET = 12.3;
				MTL_ENABLE_DEBUG_INFO = INCLUDE_SOURCE;
				MTL_FAST_MATH = YES;
				ONLY_ACTIVE_ARCH = YES;
				SDKROOT = iphoneos;
				SWIFT_ACTIVE_COMPILATION_CONDITIONS = DEBUG;
				SWIFT_OPTIMIZATION_LEVEL = "-Onone";
				SWIFT_VERSION = 4.2;
			};
			name = Debug;
		};
		6FA9CE0F23062EF40011A2F8 /* Release */ = {
			isa = XCBuildConfiguration;
			buildSettings = {
				ALWAYS_SEARCH_USER_PATHS = NO;
				CLANG_ANALYZER_NONNULL = YES;
				CLANG_ANALYZER_NUMBER_OBJECT_CONVERSION = YES_AGGRESSIVE;
				CLANG_CXX_LANGUAGE_STANDARD = "gnu++14";
				CLANG_CXX_LIBRARY = "libc++";
				CLANG_ENABLE_MODULES = YES;
				CLANG_ENABLE_OBJC_ARC = YES;
				CLANG_ENABLE_OBJC_WEAK = YES;
				CLANG_WARN_BLOCK_CAPTURE_AUTORELEASING = YES;
				CLANG_WARN_BOOL_CONVERSION = YES;
				CLANG_WARN_COMMA = YES;
				CLANG_WARN_CONSTANT_CONVERSION = YES;
				CLANG_WARN_DEPRECATED_OBJC_IMPLEMENTATIONS = YES;
				CLANG_WARN_DIRECT_OBJC_ISA_USAGE = YES_ERROR;
				CLANG_WARN_DOCUMENTATION_COMMENTS = YES;
				CLANG_WARN_EMPTY_BODY = YES;
				CLANG_WARN_ENUM_CONVERSION = YES;
				CLANG_WARN_INFINITE_RECURSION = YES;
				CLANG_WARN_INT_CONVERSION = YES;
				CLANG_WARN_NON_LITERAL_NULL_CONVERSION = YES;
				CLANG_WARN_OBJC_IMPLICIT_RETAIN_SELF = YES;
				CLANG_WARN_OBJC_LITERAL_CONVERSION = YES;
				CLANG_WARN_OBJC_ROOT_CLASS = YES_ERROR;
				CLANG_WARN_RANGE_LOOP_ANALYSIS = YES;
				CLANG_WARN_STRICT_PROTOTYPES = YES;
				CLANG_WARN_SUSPICIOUS_MOVE = YES;
				CLANG_WARN_UNGUARDED_AVAILABILITY = YES_AGGRESSIVE;
				CLANG_WARN_UNREACHABLE_CODE = YES;
				CLANG_WARN__DUPLICATE_METHOD_MATCH = YES;
				CODE_SIGN_IDENTITY = "iPhone Developer";
				COPY_PHASE_STRIP = NO;
				DEBUG_INFORMATION_FORMAT = "dwarf-with-dsym";
				ENABLE_NS_ASSERTIONS = NO;
				ENABLE_STRICT_OBJC_MSGSEND = YES;
				GCC_C_LANGUAGE_STANDARD = gnu11;
				GCC_NO_COMMON_BLOCKS = YES;
				GCC_WARN_64_TO_32_BIT_CONVERSION = YES;
				GCC_WARN_ABOUT_RETURN_TYPE = YES_ERROR;
				GCC_WARN_UNDECLARED_SELECTOR = YES;
				GCC_WARN_UNINITIALIZED_AUTOS = YES_AGGRESSIVE;
				GCC_WARN_UNUSED_FUNCTION = YES;
				GCC_WARN_UNUSED_VARIABLE = YES;
				IPHONEOS_DEPLOYMENT_TARGET = 12.3;
				MTL_ENABLE_DEBUG_INFO = NO;
				MTL_FAST_MATH = YES;
				SDKROOT = iphoneos;
				SWIFT_COMPILATION_MODE = wholemodule;
				SWIFT_OPTIMIZATION_LEVEL = "-O";
				SWIFT_VERSION = 4.2;
				VALIDATE_PRODUCT = YES;
			};
			name = Release;
		};
		6FA9CE1123062EF40011A2F8 /* Debug */ = {
			isa = XCBuildConfiguration;
			baseConfigurationReference = 68B1AC65FE92B8C07F009E19 /* Pods-RedGreenBlue.debug.xcconfig */;
			buildSettings = {
				ASSETCATALOG_COMPILER_APPICON_NAME = AppIcon;
				CODE_SIGN_STYLE = Automatic;
				DEVELOPMENT_TEAM = "";
				INFOPLIST_FILE = RedGreenBlue/Info.plist;
				LD_RUNPATH_SEARCH_PATHS = (
					"$(inherited)",
					"@executable_path/Frameworks",
				);
				PRODUCT_BUNDLE_IDENTIFIER = com.RedGreenBlue;
				PRODUCT_NAME = "$(TARGET_NAME)";
				SWIFT_VERSION = 4.2;
				TARGETED_DEVICE_FAMILY = "1,2";
			};
			name = Debug;
		};
		6FA9CE1223062EF40011A2F8 /* Release */ = {
			isa = XCBuildConfiguration;
			baseConfigurationReference = FF6A693417FD821C9FDA979A /* Pods-RedGreenBlue.release.xcconfig */;
			buildSettings = {
				ASSETCATALOG_COMPILER_APPICON_NAME = AppIcon;
				CODE_SIGN_STYLE = Automatic;
				DEVELOPMENT_TEAM = "";
				INFOPLIST_FILE = RedGreenBlue/Info.plist;
				LD_RUNPATH_SEARCH_PATHS = (
					"$(inherited)",
					"@executable_path/Frameworks",
				);
				PRODUCT_BUNDLE_IDENTIFIER = com.RedGreenBlue;
				PRODUCT_NAME = "$(TARGET_NAME)";
				SWIFT_VERSION = 4.2;
				TARGETED_DEVICE_FAMILY = "1,2";
			};
			name = Release;
		};
		6FA9CE1423062EF40011A2F8 /* Debug */ = {
			isa = XCBuildConfiguration;
			baseConfigurationReference = 71396FC2CCD8C1D60CD630F5 /* Pods-RedGreenBlueTests.debug.xcconfig */;
			buildSettings = {
				ALWAYS_EMBED_SWIFT_STANDARD_LIBRARIES = YES;
				BUNDLE_LOADER = "$(TEST_HOST)";
				CODE_SIGN_STYLE = Automatic;
				DEVELOPMENT_TEAM = 56K2EF9V37;
				INFOPLIST_FILE = RedGreenBlueTests/Info.plist;
				LD_RUNPATH_SEARCH_PATHS = (
					"$(inherited)",
					"@executable_path/Frameworks",
					"@loader_path/Frameworks",
				);
				PRODUCT_BUNDLE_IDENTIFIER = com.RedGreenBlueTests;
				PRODUCT_NAME = "$(TARGET_NAME)";
				SWIFT_VERSION = 5.0;
				TARGETED_DEVICE_FAMILY = "1,2";
				TEST_HOST = "$(BUILT_PRODUCTS_DIR)/RedGreenBlue.app/RedGreenBlue";
			};
			name = Debug;
		};
		6FA9CE1523062EF40011A2F8 /* Release */ = {
			isa = XCBuildConfiguration;
			baseConfigurationReference = 128E4C0BD168185191980114 /* Pods-RedGreenBlueTests.release.xcconfig */;
			buildSettings = {
				ALWAYS_EMBED_SWIFT_STANDARD_LIBRARIES = YES;
				BUNDLE_LOADER = "$(TEST_HOST)";
				CODE_SIGN_STYLE = Automatic;
				DEVELOPMENT_TEAM = 56K2EF9V37;
				INFOPLIST_FILE = RedGreenBlueTests/Info.plist;
				LD_RUNPATH_SEARCH_PATHS = (
					"$(inherited)",
					"@executable_path/Frameworks",
					"@loader_path/Frameworks",
				);
				PRODUCT_BUNDLE_IDENTIFIER = com.RedGreenBlueTests;
				PRODUCT_NAME = "$(TARGET_NAME)";
				SWIFT_VERSION = 5.0;
				TARGETED_DEVICE_FAMILY = "1,2";
				TEST_HOST = "$(BUILT_PRODUCTS_DIR)/RedGreenBlue.app/RedGreenBlue";
			};
			name = Release;
		};
		6FA9CE1723062EF40011A2F8 /* Debug */ = {
			isa = XCBuildConfiguration;
			baseConfigurationReference = B64E619D6B85D176217C6898 /* Pods-RedGreenBlueUITests.debug.xcconfig */;
			buildSettings = {
				ALWAYS_EMBED_SWIFT_STANDARD_LIBRARIES = YES;
				CODE_SIGN_STYLE = Automatic;
				DEVELOPMENT_TEAM = 56K2EF9V37;
				INFOPLIST_FILE = RedGreenBlueUITests/Info.plist;
				LD_RUNPATH_SEARCH_PATHS = (
					"$(inherited)",
					"@executable_path/Frameworks",
					"@loader_path/Frameworks",
				);
				PRODUCT_BUNDLE_IDENTIFIER = com.RedGreenBlueUITests;
				PRODUCT_NAME = "$(TARGET_NAME)";
				SWIFT_VERSION = 5.0;
				TARGETED_DEVICE_FAMILY = "1,2";
				TEST_TARGET_NAME = RedGreenBlue;
			};
			name = Debug;
		};
		6FA9CE1823062EF40011A2F8 /* Release */ = {
			isa = XCBuildConfiguration;
			baseConfigurationReference = 66085FF42EEB085036083DC7 /* Pods-RedGreenBlueUITests.release.xcconfig */;
			buildSettings = {
				ALWAYS_EMBED_SWIFT_STANDARD_LIBRARIES = YES;
				CODE_SIGN_STYLE = Automatic;
				DEVELOPMENT_TEAM = 56K2EF9V37;
				INFOPLIST_FILE = RedGreenBlueUITests/Info.plist;
				LD_RUNPATH_SEARCH_PATHS = (
					"$(inherited)",
					"@executable_path/Frameworks",
					"@loader_path/Frameworks",
				);
				PRODUCT_BUNDLE_IDENTIFIER = com.RedGreenBlueUITests;
				PRODUCT_NAME = "$(TARGET_NAME)";
				SWIFT_VERSION = 5.0;
				TARGETED_DEVICE_FAMILY = "1,2";
				TEST_TARGET_NAME = RedGreenBlue;
			};
			name = Release;
		};
/* End XCBuildConfiguration section */

/* Begin XCConfigurationList section */
		6FA9CDE123062EF20011A2F8 /* Build configuration list for PBXProject "RedGreenBlue" */ = {
			isa = XCConfigurationList;
			buildConfigurations = (
				6FA9CE0E23062EF40011A2F8 /* Debug */,
				6FA9CE0F23062EF40011A2F8 /* Release */,
			);
			defaultConfigurationIsVisible = 0;
			defaultConfigurationName = Release;
		};
		6FA9CE1023062EF40011A2F8 /* Build configuration list for PBXNativeTarget "RedGreenBlue" */ = {
			isa = XCConfigurationList;
			buildConfigurations = (
				6FA9CE1123062EF40011A2F8 /* Debug */,
				6FA9CE1223062EF40011A2F8 /* Release */,
			);
			defaultConfigurationIsVisible = 0;
			defaultConfigurationName = Release;
		};
		6FA9CE1323062EF40011A2F8 /* Build configuration list for PBXNativeTarget "RedGreenBlueTests" */ = {
			isa = XCConfigurationList;
			buildConfigurations = (
				6FA9CE1423062EF40011A2F8 /* Debug */,
				6FA9CE1523062EF40011A2F8 /* Release */,
			);
			defaultConfigurationIsVisible = 0;
			defaultConfigurationName = Release;
		};
		6FA9CE1623062EF40011A2F8 /* Build configuration list for PBXNativeTarget "RedGreenBlueUITests" */ = {
			isa = XCConfigurationList;
			buildConfigurations = (
				6FA9CE1723062EF40011A2F8 /* Debug */,
				6FA9CE1823062EF40011A2F8 /* Release */,
			);
			defaultConfigurationIsVisible = 0;
			defaultConfigurationName = Release;
		};
/* End XCConfigurationList section */
	};
	rootObject = 6FA9CDDE23062EF20011A2F8 /* Project object */;
}
