// !$*UTF8*$!
{
	archiveVersion = 1;
	classes = {
	};
	objectVersion = 51;
	objects = {

/* Begin PBXBuildFile section */
		22312DAF47E6FE51235D1AC8 /* Pods_RedGreenBlue.framework in Frameworks */ = {isa = PBXBuildFile; fileRef = F8D37A15058741D24ED3DD3B /* Pods_RedGreenBlue.framework */; };
		45B6C0AFDACD263DB6F68320 /* Pods_RedGreenBlueUITests.framework in Frameworks */ = {isa = PBXBuildFile; fileRef = A5600EDE58F75123E0B152B0 /* Pods_RedGreenBlueUITests.framework */; };
		4606B6B4235E381600060605 /* DynamicScenesColorOptionsViewController.swift in Sources */ = {isa = PBXBuildFile; fileRef = 4606B6B3235E381600060605 /* DynamicScenesColorOptionsViewController.swift */; };
		460F71FC230CA01D008EE24C /* RGBGroupsAndLightsHelper.swift in Sources */ = {isa = PBXBuildFile; fileRef = 460F71FB230CA01D008EE24C /* RGBGroupsAndLightsHelper.swift */; };
		461F2E2C235121640029D3DC /* test.mp3 in Resources */ = {isa = PBXBuildFile; fileRef = 461F2E2B235121640029D3DC /* test.mp3 */; };
		46272DD4231477C90056ED84 /* Onboarding.storyboard in Resources */ = {isa = PBXBuildFile; fileRef = 46272DD3231477C90056ED84 /* Onboarding.storyboard */; };
		462984A923609979009A43ED /* DynamicScenesBrightnessOptionsViewController.swift in Sources */ = {isa = PBXBuildFile; fileRef = 462984A823609979009A43ED /* DynamicScenesBrightnessOptionsViewController.swift */; };
		462A5E3C2343CE960088296B /* ThemeTableViewController.swift in Sources */ = {isa = PBXBuildFile; fileRef = 462A5E3B2343CE960088296B /* ThemeTableViewController.swift */; };
		462A5E4323462C1F0088296B /* ColorDynamicSceneCustomCell.swift in Sources */ = {isa = PBXBuildFile; fileRef = 462A5E4223462C1F0088296B /* ColorDynamicSceneCustomCell.swift */; };
		462A5E4A23467D330088296B /* SSCheckMark.swift in Sources */ = {isa = PBXBuildFile; fileRef = 462A5E4923467D330088296B /* SSCheckMark.swift */; };
		462A5E4D234794860088296B /* FeelinGood.mp3 in Resources */ = {isa = PBXBuildFile; fileRef = 462A5E4C234794860088296B /* FeelinGood.mp3 */; };
		462A5E4F234839010088296B /* DynamicScenesAddSoundViewController.swift in Sources */ = {isa = PBXBuildFile; fileRef = 462A5E4E234839010088296B /* DynamicScenesAddSoundViewController.swift */; };
		464F0E18233C125100E33FA1 /* LightsGroupAddNameCell.swift in Sources */ = {isa = PBXBuildFile; fileRef = 464F0E17233C125100E33FA1 /* LightsGroupAddNameCell.swift */; };
		464F0E1A233C17E400E33FA1 /* GroupProtocol.swift in Sources */ = {isa = PBXBuildFile; fileRef = 464F0E19233C17E400E33FA1 /* GroupProtocol.swift */; };
		465144612315C5F200156659 /* InitialBridgeFinderViewController.swift in Sources */ = {isa = PBXBuildFile; fileRef = 465144602315C5F200156659 /* InitialBridgeFinderViewController.swift */; };
		46637A4A234E483D0000E8CB /* TabBarViewController.swift in Sources */ = {isa = PBXBuildFile; fileRef = 46637A49234E483D0000E8CB /* TabBarViewController.swift */; };
		46637A4E234E86D40000E8CB /* GradientLayerView.swift in Sources */ = {isa = PBXBuildFile; fileRef = 46637A4D234E86D40000E8CB /* GradientLayerView.swift */; };
		4669EBB423439F440097432B /* SettingsTableViewController.swift in Sources */ = {isa = PBXBuildFile; fileRef = 4669EBB323439F440097432B /* SettingsTableViewController.swift */; };
		466BF093234940DE005FEA1B /* DynamicScenesColorsPickerViewController.swift in Sources */ = {isa = PBXBuildFile; fileRef = 466BF092234940DE005FEA1B /* DynamicScenesColorsPickerViewController.swift */; };
		466DEAA82353665A009A1164 /* Default.mp3 in Resources */ = {isa = PBXBuildFile; fileRef = 466DEAA72353665A009A1164 /* Default.mp3 */; };
		46736545233A598D00DA33AA /* DynamicScenesAddViewController.swift in Sources */ = {isa = PBXBuildFile; fileRef = 46736544233A598D00DA33AA /* DynamicScenesAddViewController.swift */; };
		46736547233A61C700DA33AA /* DynamicScenesAddColorViewController.swift in Sources */ = {isa = PBXBuildFile; fileRef = 46736546233A61C700DA33AA /* DynamicScenesAddColorViewController.swift */; };
		46736549233A78EC00DA33AA /* DynamicSceneProtocol.swift in Sources */ = {isa = PBXBuildFile; fileRef = 46736548233A78EC00DA33AA /* DynamicSceneProtocol.swift */; };
		4673654D233BBCFA00DA33AA /* DynamicScenesAddTimeViewController.swift in Sources */ = {isa = PBXBuildFile; fileRef = 4673654C233BBCFA00DA33AA /* DynamicScenesAddTimeViewController.swift */; };
		4673654F233BD85300DA33AA /* DynamicScenesColorsViewController.swift in Sources */ = {isa = PBXBuildFile; fileRef = 4673654E233BD85300DA33AA /* DynamicScenesColorsViewController.swift */; };
		46767D3C234FB88B00D8B73E /* CustomButton.swift in Sources */ = {isa = PBXBuildFile; fileRef = 46767D3B234FB88B00D8B73E /* CustomButton.swift */; };
		468CAD78233C27AE0023401C /* GroupsAndLights.storyboard in Resources */ = {isa = PBXBuildFile; fileRef = 468CAD77233C27AE0023401C /* GroupsAndLights.storyboard */; };
		468CAD7A233C27C60023401C /* Scenes.storyboard in Resources */ = {isa = PBXBuildFile; fileRef = 468CAD79233C27C60023401C /* Scenes.storyboard */; };
		468CAD7C233C27F30023401C /* Settings.storyboard in Resources */ = {isa = PBXBuildFile; fileRef = 468CAD7B233C27F30023401C /* Settings.storyboard */; };
		468CAD7E233C28350023401C /* DynamicScenes.storyboard in Resources */ = {isa = PBXBuildFile; fileRef = 468CAD7D233C28350023401C /* DynamicScenes.storyboard */; };
		46974DDF2323F87E000AF31A /* ScenesTableViewController.swift in Sources */ = {isa = PBXBuildFile; fileRef = 46974DDE2323F87E000AF31A /* ScenesTableViewController.swift */; };
		46A8C0CE231889A6002DE3C2 /* LightsSceneCustomCell.swift in Sources */ = {isa = PBXBuildFile; fileRef = 46A8C0CD231889A6002DE3C2 /* LightsSceneCustomCell.swift */; };
		46AFC9B42354EEF0004888A4 /* FoundBridgesTableViewCell.swift in Sources */ = {isa = PBXBuildFile; fileRef = 46AFC9B32354EEF0004888A4 /* FoundBridgesTableViewCell.swift */; };
		46B6423D232000800047F233 /* RGBGroup.swift in Sources */ = {isa = PBXBuildFile; fileRef = 46B6423C232000800047F233 /* RGBGroup.swift */; };
		46B642402321A7510047F233 /* BridgesTableViewCell.swift in Sources */ = {isa = PBXBuildFile; fileRef = 46B6423F2321A7510047F233 /* BridgesTableViewCell.swift */; };
		46CCAA0B2307025C0054187A /* RGBHueBridge.swift in Sources */ = {isa = PBXBuildFile; fileRef = 46CCAA0A2307025C0054187A /* RGBHueBridge.swift */; };
		46CCAA1023072F860054187A /* LightGroupsTableViewController.swift in Sources */ = {isa = PBXBuildFile; fileRef = 46CCAA0F23072F860054187A /* LightGroupsTableViewController.swift */; };
		46CCAA122307548B0054187A /* LightsGroupCustomCell.swift in Sources */ = {isa = PBXBuildFile; fileRef = 46CCAA112307548B0054187A /* LightsGroupCustomCell.swift */; };
		46CCAA142307870B0054187A /* RGBRequest.swift in Sources */ = {isa = PBXBuildFile; fileRef = 46CCAA132307870B0054187A /* RGBRequest.swift */; };
		46CCAA16230848F90054187A /* LightTableViewController.swift in Sources */ = {isa = PBXBuildFile; fileRef = 46CCAA15230848F90054187A /* LightTableViewController.swift */; };
		46D1544B23552093003196A5 /* RGBCellUtilities.swift in Sources */ = {isa = PBXBuildFile; fileRef = 46D1544A23552093003196A5 /* RGBCellUtilities.swift */; };
		46DABC232327ED4F00E8C81D /* RGBDynamicScene.swift in Sources */ = {isa = PBXBuildFile; fileRef = 46DABC222327ED4F00E8C81D /* RGBDynamicScene.swift */; };
		46DABC272328286600E8C81D /* DynamicSceneCellProtocol.swift in Sources */ = {isa = PBXBuildFile; fileRef = 46DABC262328286600E8C81D /* DynamicSceneCellProtocol.swift */; };
		46DC98FF2325559C00D939BF /* GroupSliderProtocol.swift in Sources */ = {isa = PBXBuildFile; fileRef = 46DC98FE2325559C00D939BF /* GroupSliderProtocol.swift */; };
		46DC9901232555AD00D939BF /* GroupCellProtocol.swift in Sources */ = {isa = PBXBuildFile; fileRef = 46DC9900232555AD00D939BF /* GroupCellProtocol.swift */; };
		46DC9903232555BF00D939BF /* LightCellProtocol.swift in Sources */ = {isa = PBXBuildFile; fileRef = 46DC9902232555BF00D939BF /* LightCellProtocol.swift */; };
		46E22733233270E40031CE0C /* LightsDynamicSceneCustomCell.swift in Sources */ = {isa = PBXBuildFile; fileRef = 46E22732233270E40031CE0C /* LightsDynamicSceneCustomCell.swift */; };
		46EF2DAC230ED09C0021B28B /* LightsCustomCell.swift in Sources */ = {isa = PBXBuildFile; fileRef = 46EF2DAB230ED09C0021B28B /* LightsCustomCell.swift */; };
		46EF2DAF230F0A010021B28B /* ColorPickerViewController.swift in Sources */ = {isa = PBXBuildFile; fileRef = 46EF2DAE230F0A010021B28B /* ColorPickerViewController.swift */; };
		46EF2DB12311CA620021B28B /* RGBDatabaseManager.swift in Sources */ = {isa = PBXBuildFile; fileRef = 46EF2DB02311CA620021B28B /* RGBDatabaseManager.swift */; };
		46EF2DB32311F3180021B28B /* LightGroupsAddEditViewController.swift in Sources */ = {isa = PBXBuildFile; fileRef = 46EF2DB22311F3180021B28B /* LightGroupsAddEditViewController.swift */; };
		46F42E082326BDA300FB73FA /* DynamicScenesViewController.swift in Sources */ = {isa = PBXBuildFile; fileRef = 46F42E072326BDA300FB73FA /* DynamicScenesViewController.swift */; };
		6F1F9BA82348FC7F00800EBA /* rgb-lamp-icon-dark-rounded.png in Resources */ = {isa = PBXBuildFile; fileRef = 6F1F9BA72348FC7F00800EBA /* rgb-lamp-icon-dark-rounded.png */; };
		6F1F9BAA2348FD1300800EBA /* rgb-lamp-icon-light-rounded.png in Resources */ = {isa = PBXBuildFile; fileRef = 6F1F9BA92348FD1300800EBA /* rgb-lamp-icon-light-rounded.png */; };
		6F1F9BAC2349074500800EBA /* rgb-lamp-icon-dark-@3x.png in Resources */ = {isa = PBXBuildFile; fileRef = 6F1F9BAB2349074400800EBA /* rgb-lamp-icon-dark-@3x.png */; };
		6F1F9BAF2349074C00800EBA /* rgb-lamp-icon-dark-@1x.png in Resources */ = {isa = PBXBuildFile; fileRef = 6F1F9BAD2349074C00800EBA /* rgb-lamp-icon-dark-@1x.png */; };
		6F1F9BB02349074C00800EBA /* rgb-lamp-icon-dark-@2x.png in Resources */ = {isa = PBXBuildFile; fileRef = 6F1F9BAE2349074C00800EBA /* rgb-lamp-icon-dark-@2x.png */; };
		6F4B3E1B2308528A000F44DA /* CustomMessageView.xib in Resources */ = {isa = PBXBuildFile; fileRef = 6F4B3E1A2308528A000F44DA /* CustomMessageView.xib */; };
		6F58BB7F23529CA10000D673 /* RGBSwiftMessages.swift in Sources */ = {isa = PBXBuildFile; fileRef = 6F58BB7E23529CA10000D673 /* RGBSwiftMessages.swift */; };
		6FA9CDEA23062EF20011A2F8 /* AppDelegate.swift in Sources */ = {isa = PBXBuildFile; fileRef = 6FA9CDE923062EF20011A2F8 /* AppDelegate.swift */; };
		6FA9CDF123062EF20011A2F8 /* Main.storyboard in Resources */ = {isa = PBXBuildFile; fileRef = 6FA9CDEF23062EF20011A2F8 /* Main.storyboard */; };
		6FA9CDF323062EF30011A2F8 /* Assets.xcassets in Resources */ = {isa = PBXBuildFile; fileRef = 6FA9CDF223062EF30011A2F8 /* Assets.xcassets */; };
		6FA9CDF623062EF30011A2F8 /* LaunchScreen.storyboard in Resources */ = {isa = PBXBuildFile; fileRef = 6FA9CDF423062EF30011A2F8 /* LaunchScreen.storyboard */; };
		6FA9CE0123062EF40011A2F8 /* RedGreenBlueTests.swift in Sources */ = {isa = PBXBuildFile; fileRef = 6FA9CE0023062EF40011A2F8 /* RedGreenBlueTests.swift */; };
		6FA9CE0C23062EF40011A2F8 /* RedGreenBlueUITests.swift in Sources */ = {isa = PBXBuildFile; fileRef = 6FA9CE0B23062EF40011A2F8 /* RedGreenBlueUITests.swift */; };
		6FA9CE1A230635E70011A2F8 /* BridgesTableViewController.swift in Sources */ = {isa = PBXBuildFile; fileRef = 6FA9CE19230635E70011A2F8 /* BridgesTableViewController.swift */; };
		6FF6F4BE2323FCC500555EE7 /* SuccessCustomMessage.xib in Resources */ = {isa = PBXBuildFile; fileRef = 6FF6F4BD2323FCC500555EE7 /* SuccessCustomMessage.xib */; };
		6FF709C3234834B3004FB6C2 /* rgb-lamp-icon-@1x.png in Resources */ = {isa = PBXBuildFile; fileRef = 6FF709C2234834B3004FB6C2 /* rgb-lamp-icon-@1x.png */; };
		6FF709C5234834B9004FB6C2 /* rgb-lamp-icon-@3x.png in Resources */ = {isa = PBXBuildFile; fileRef = 6FF709C4234834B9004FB6C2 /* rgb-lamp-icon-@3x.png */; };
		6FF709CB234834EB004FB6C2 /* rgb-lamp-icon-@2x.png in Resources */ = {isa = PBXBuildFile; fileRef = 6FF709CA234834EB004FB6C2 /* rgb-lamp-icon-@2x.png */; };
		D1C4E6685F2D264202C18A77 /* Pods_RedGreenBlueTests.framework in Frameworks */ = {isa = PBXBuildFile; fileRef = C40FFE1F74C8594B37BA9BB6 /* Pods_RedGreenBlueTests.framework */; };
/* End PBXBuildFile section */

/* Begin PBXContainerItemProxy section */
		6FA9CDFD23062EF40011A2F8 /* PBXContainerItemProxy */ = {
			isa = PBXContainerItemProxy;
			containerPortal = 6FA9CDDE23062EF20011A2F8 /* Project object */;
			proxyType = 1;
			remoteGlobalIDString = 6FA9CDE523062EF20011A2F8;
			remoteInfo = RedGreenBlue;
		};
		6FA9CE0823062EF40011A2F8 /* PBXContainerItemProxy */ = {
			isa = PBXContainerItemProxy;
			containerPortal = 6FA9CDDE23062EF20011A2F8 /* Project object */;
			proxyType = 1;
			remoteGlobalIDString = 6FA9CDE523062EF20011A2F8;
			remoteInfo = RedGreenBlue;
		};
/* End PBXContainerItemProxy section */

/* Begin PBXFileReference section */
		128E4C0BD168185191980114 /* Pods-RedGreenBlueTests.release.xcconfig */ = {isa = PBXFileReference; includeInIndex = 1; lastKnownFileType = text.xcconfig; name = "Pods-RedGreenBlueTests.release.xcconfig"; path = "Target Support Files/Pods-RedGreenBlueTests/Pods-RedGreenBlueTests.release.xcconfig"; sourceTree = "<group>"; };
		4606B6B3235E381600060605 /* DynamicScenesColorOptionsViewController.swift */ = {isa = PBXFileReference; lastKnownFileType = sourcecode.swift; path = DynamicScenesColorOptionsViewController.swift; sourceTree = "<group>"; };
		460F71FB230CA01D008EE24C /* RGBGroupsAndLightsHelper.swift */ = {isa = PBXFileReference; lastKnownFileType = sourcecode.swift; path = RGBGroupsAndLightsHelper.swift; sourceTree = "<group>"; };
		461F2E2B235121640029D3DC /* test.mp3 */ = {isa = PBXFileReference; lastKnownFileType = audio.mp3; path = test.mp3; sourceTree = "<group>"; };
		46272DD3231477C90056ED84 /* Onboarding.storyboard */ = {isa = PBXFileReference; lastKnownFileType = file.storyboard; path = Onboarding.storyboard; sourceTree = "<group>"; };
		462984A823609979009A43ED /* DynamicScenesBrightnessOptionsViewController.swift */ = {isa = PBXFileReference; lastKnownFileType = sourcecode.swift; path = DynamicScenesBrightnessOptionsViewController.swift; sourceTree = "<group>"; };
		462A5E3B2343CE960088296B /* ThemeTableViewController.swift */ = {isa = PBXFileReference; lastKnownFileType = sourcecode.swift; path = ThemeTableViewController.swift; sourceTree = "<group>"; };
		462A5E4223462C1F0088296B /* ColorDynamicSceneCustomCell.swift */ = {isa = PBXFileReference; lastKnownFileType = sourcecode.swift; path = ColorDynamicSceneCustomCell.swift; sourceTree = "<group>"; };
		462A5E4923467D330088296B /* SSCheckMark.swift */ = {isa = PBXFileReference; lastKnownFileType = sourcecode.swift; path = SSCheckMark.swift; sourceTree = "<group>"; };
		462A5E4C234794860088296B /* FeelinGood.mp3 */ = {isa = PBXFileReference; lastKnownFileType = audio.mp3; path = FeelinGood.mp3; sourceTree = "<group>"; };
		462A5E4E234839010088296B /* DynamicScenesAddSoundViewController.swift */ = {isa = PBXFileReference; lastKnownFileType = sourcecode.swift; path = DynamicScenesAddSoundViewController.swift; sourceTree = "<group>"; };
		464F0E17233C125100E33FA1 /* LightsGroupAddNameCell.swift */ = {isa = PBXFileReference; lastKnownFileType = sourcecode.swift; path = LightsGroupAddNameCell.swift; sourceTree = "<group>"; };
		464F0E19233C17E400E33FA1 /* GroupProtocol.swift */ = {isa = PBXFileReference; lastKnownFileType = sourcecode.swift; path = GroupProtocol.swift; sourceTree = "<group>"; };
		465144602315C5F200156659 /* InitialBridgeFinderViewController.swift */ = {isa = PBXFileReference; lastKnownFileType = sourcecode.swift; path = InitialBridgeFinderViewController.swift; sourceTree = "<group>"; };
		46637A49234E483D0000E8CB /* TabBarViewController.swift */ = {isa = PBXFileReference; lastKnownFileType = sourcecode.swift; path = TabBarViewController.swift; sourceTree = "<group>"; };
		46637A4D234E86D40000E8CB /* GradientLayerView.swift */ = {isa = PBXFileReference; lastKnownFileType = sourcecode.swift; path = GradientLayerView.swift; sourceTree = "<group>"; };
		4669EBB323439F440097432B /* SettingsTableViewController.swift */ = {isa = PBXFileReference; lastKnownFileType = sourcecode.swift; path = SettingsTableViewController.swift; sourceTree = "<group>"; };
		466BF092234940DE005FEA1B /* DynamicScenesColorsPickerViewController.swift */ = {isa = PBXFileReference; lastKnownFileType = sourcecode.swift; path = DynamicScenesColorsPickerViewController.swift; sourceTree = "<group>"; };
		466DEAA72353665A009A1164 /* Default.mp3 */ = {isa = PBXFileReference; lastKnownFileType = audio.mp3; path = Default.mp3; sourceTree = "<group>"; };
		46736544233A598D00DA33AA /* DynamicScenesAddViewController.swift */ = {isa = PBXFileReference; lastKnownFileType = sourcecode.swift; path = DynamicScenesAddViewController.swift; sourceTree = "<group>"; };
		46736546233A61C700DA33AA /* DynamicScenesAddColorViewController.swift */ = {isa = PBXFileReference; lastKnownFileType = sourcecode.swift; path = DynamicScenesAddColorViewController.swift; sourceTree = "<group>"; };
		46736548233A78EC00DA33AA /* DynamicSceneProtocol.swift */ = {isa = PBXFileReference; lastKnownFileType = sourcecode.swift; path = DynamicSceneProtocol.swift; sourceTree = "<group>"; };
		4673654C233BBCFA00DA33AA /* DynamicScenesAddTimeViewController.swift */ = {isa = PBXFileReference; lastKnownFileType = sourcecode.swift; path = DynamicScenesAddTimeViewController.swift; sourceTree = "<group>"; };
		4673654E233BD85300DA33AA /* DynamicScenesColorsViewController.swift */ = {isa = PBXFileReference; lastKnownFileType = sourcecode.swift; path = DynamicScenesColorsViewController.swift; sourceTree = "<group>"; };
		46767D3B234FB88B00D8B73E /* CustomButton.swift */ = {isa = PBXFileReference; lastKnownFileType = sourcecode.swift; path = CustomButton.swift; sourceTree = "<group>"; };
		468CAD77233C27AE0023401C /* GroupsAndLights.storyboard */ = {isa = PBXFileReference; fileEncoding = 4; lastKnownFileType = file.storyboard; path = GroupsAndLights.storyboard; sourceTree = "<group>"; };
		468CAD79233C27C60023401C /* Scenes.storyboard */ = {isa = PBXFileReference; fileEncoding = 4; lastKnownFileType = file.storyboard; path = Scenes.storyboard; sourceTree = "<group>"; };
		468CAD7B233C27F30023401C /* Settings.storyboard */ = {isa = PBXFileReference; fileEncoding = 4; lastKnownFileType = file.storyboard; path = Settings.storyboard; sourceTree = "<group>"; };
		468CAD7D233C28350023401C /* DynamicScenes.storyboard */ = {isa = PBXFileReference; fileEncoding = 4; lastKnownFileType = file.storyboard; path = DynamicScenes.storyboard; sourceTree = "<group>"; };
		46974DDE2323F87E000AF31A /* ScenesTableViewController.swift */ = {isa = PBXFileReference; lastKnownFileType = sourcecode.swift; path = ScenesTableViewController.swift; sourceTree = "<group>"; };
		46A8C0CD231889A6002DE3C2 /* LightsSceneCustomCell.swift */ = {isa = PBXFileReference; lastKnownFileType = sourcecode.swift; path = LightsSceneCustomCell.swift; sourceTree = "<group>"; };
		46AFC9B32354EEF0004888A4 /* FoundBridgesTableViewCell.swift */ = {isa = PBXFileReference; lastKnownFileType = sourcecode.swift; path = FoundBridgesTableViewCell.swift; sourceTree = "<group>"; };
		46B6423C232000800047F233 /* RGBGroup.swift */ = {isa = PBXFileReference; lastKnownFileType = sourcecode.swift; path = RGBGroup.swift; sourceTree = "<group>"; };
		46B6423F2321A7510047F233 /* BridgesTableViewCell.swift */ = {isa = PBXFileReference; lastKnownFileType = sourcecode.swift; path = BridgesTableViewCell.swift; sourceTree = "<group>"; };
		46CCAA0A2307025C0054187A /* RGBHueBridge.swift */ = {isa = PBXFileReference; lastKnownFileType = sourcecode.swift; path = RGBHueBridge.swift; sourceTree = "<group>"; };
		46CCAA0F23072F860054187A /* LightGroupsTableViewController.swift */ = {isa = PBXFileReference; lastKnownFileType = sourcecode.swift; path = LightGroupsTableViewController.swift; sourceTree = "<group>"; };
		46CCAA112307548B0054187A /* LightsGroupCustomCell.swift */ = {isa = PBXFileReference; lastKnownFileType = sourcecode.swift; path = LightsGroupCustomCell.swift; sourceTree = "<group>"; };
		46CCAA132307870B0054187A /* RGBRequest.swift */ = {isa = PBXFileReference; lastKnownFileType = sourcecode.swift; path = RGBRequest.swift; sourceTree = "<group>"; };
		46CCAA15230848F90054187A /* LightTableViewController.swift */ = {isa = PBXFileReference; lastKnownFileType = sourcecode.swift; path = LightTableViewController.swift; sourceTree = "<group>"; };
		46D1544A23552093003196A5 /* RGBCellUtilities.swift */ = {isa = PBXFileReference; lastKnownFileType = sourcecode.swift; path = RGBCellUtilities.swift; sourceTree = "<group>"; };
		46DABC222327ED4F00E8C81D /* RGBDynamicScene.swift */ = {isa = PBXFileReference; lastKnownFileType = sourcecode.swift; path = RGBDynamicScene.swift; sourceTree = "<group>"; };
		46DABC262328286600E8C81D /* DynamicSceneCellProtocol.swift */ = {isa = PBXFileReference; lastKnownFileType = sourcecode.swift; path = DynamicSceneCellProtocol.swift; sourceTree = "<group>"; };
		46DC98FE2325559C00D939BF /* GroupSliderProtocol.swift */ = {isa = PBXFileReference; lastKnownFileType = sourcecode.swift; path = GroupSliderProtocol.swift; sourceTree = "<group>"; };
		46DC9900232555AD00D939BF /* GroupCellProtocol.swift */ = {isa = PBXFileReference; lastKnownFileType = sourcecode.swift; path = GroupCellProtocol.swift; sourceTree = "<group>"; };
		46DC9902232555BF00D939BF /* LightCellProtocol.swift */ = {isa = PBXFileReference; lastKnownFileType = sourcecode.swift; path = LightCellProtocol.swift; sourceTree = "<group>"; };
		46E22732233270E40031CE0C /* LightsDynamicSceneCustomCell.swift */ = {isa = PBXFileReference; lastKnownFileType = sourcecode.swift; path = LightsDynamicSceneCustomCell.swift; sourceTree = "<group>"; };
		46EF2DAB230ED09C0021B28B /* LightsCustomCell.swift */ = {isa = PBXFileReference; lastKnownFileType = sourcecode.swift; path = LightsCustomCell.swift; sourceTree = "<group>"; };
		46EF2DAE230F0A010021B28B /* ColorPickerViewController.swift */ = {isa = PBXFileReference; lastKnownFileType = sourcecode.swift; path = ColorPickerViewController.swift; sourceTree = "<group>"; };
		46EF2DB02311CA620021B28B /* RGBDatabaseManager.swift */ = {isa = PBXFileReference; lastKnownFileType = sourcecode.swift; path = RGBDatabaseManager.swift; sourceTree = "<group>"; };
		46EF2DB22311F3180021B28B /* LightGroupsAddEditViewController.swift */ = {isa = PBXFileReference; lastKnownFileType = sourcecode.swift; path = LightGroupsAddEditViewController.swift; sourceTree = "<group>"; };
		46F42E072326BDA300FB73FA /* DynamicScenesViewController.swift */ = {isa = PBXFileReference; lastKnownFileType = sourcecode.swift; path = DynamicScenesViewController.swift; sourceTree = "<group>"; };
		66085FF42EEB085036083DC7 /* Pods-RedGreenBlueUITests.release.xcconfig */ = {isa = PBXFileReference; includeInIndex = 1; lastKnownFileType = text.xcconfig; name = "Pods-RedGreenBlueUITests.release.xcconfig"; path = "Target Support Files/Pods-RedGreenBlueUITests/Pods-RedGreenBlueUITests.release.xcconfig"; sourceTree = "<group>"; };
		68B1AC65FE92B8C07F009E19 /* Pods-RedGreenBlue.debug.xcconfig */ = {isa = PBXFileReference; includeInIndex = 1; lastKnownFileType = text.xcconfig; name = "Pods-RedGreenBlue.debug.xcconfig"; path = "Target Support Files/Pods-RedGreenBlue/Pods-RedGreenBlue.debug.xcconfig"; sourceTree = "<group>"; };
		6F1F9BA72348FC7F00800EBA /* rgb-lamp-icon-dark-rounded.png */ = {isa = PBXFileReference; lastKnownFileType = image.png; path = "rgb-lamp-icon-dark-rounded.png"; sourceTree = "<group>"; };
		6F1F9BA92348FD1300800EBA /* rgb-lamp-icon-light-rounded.png */ = {isa = PBXFileReference; lastKnownFileType = image.png; path = "rgb-lamp-icon-light-rounded.png"; sourceTree = "<group>"; };
		6F1F9BAB2349074400800EBA /* rgb-lamp-icon-dark-@3x.png */ = {isa = PBXFileReference; lastKnownFileType = image.png; path = "rgb-lamp-icon-dark-@3x.png"; sourceTree = "<group>"; };
		6F1F9BAD2349074C00800EBA /* rgb-lamp-icon-dark-@1x.png */ = {isa = PBXFileReference; lastKnownFileType = image.png; path = "rgb-lamp-icon-dark-@1x.png"; sourceTree = "<group>"; };
		6F1F9BAE2349074C00800EBA /* rgb-lamp-icon-dark-@2x.png */ = {isa = PBXFileReference; lastKnownFileType = image.png; path = "rgb-lamp-icon-dark-@2x.png"; sourceTree = "<group>"; };
		6F4B3E1A2308528A000F44DA /* CustomMessageView.xib */ = {isa = PBXFileReference; lastKnownFileType = file.xib; path = CustomMessageView.xib; sourceTree = "<group>"; };
		6F58BB7E23529CA10000D673 /* RGBSwiftMessages.swift */ = {isa = PBXFileReference; lastKnownFileType = sourcecode.swift; path = RGBSwiftMessages.swift; sourceTree = "<group>"; };
		6FA9CDE623062EF20011A2F8 /* RedGreenBlue.app */ = {isa = PBXFileReference; explicitFileType = wrapper.application; includeInIndex = 0; path = RedGreenBlue.app; sourceTree = BUILT_PRODUCTS_DIR; };
		6FA9CDE923062EF20011A2F8 /* AppDelegate.swift */ = {isa = PBXFileReference; lastKnownFileType = sourcecode.swift; path = AppDelegate.swift; sourceTree = "<group>"; };
		6FA9CDF023062EF20011A2F8 /* Base */ = {isa = PBXFileReference; lastKnownFileType = file.storyboard; name = Base; path = Base.lproj/Main.storyboard; sourceTree = "<group>"; };
		6FA9CDF223062EF30011A2F8 /* Assets.xcassets */ = {isa = PBXFileReference; lastKnownFileType = folder.assetcatalog; path = Assets.xcassets; sourceTree = "<group>"; };
		6FA9CDF523062EF30011A2F8 /* Base */ = {isa = PBXFileReference; lastKnownFileType = file.storyboard; name = Base; path = Base.lproj/LaunchScreen.storyboard; sourceTree = "<group>"; };
		6FA9CDF723062EF30011A2F8 /* Info.plist */ = {isa = PBXFileReference; lastKnownFileType = text.plist.xml; path = Info.plist; sourceTree = "<group>"; };
		6FA9CDFC23062EF40011A2F8 /* RedGreenBlueTests.xctest */ = {isa = PBXFileReference; explicitFileType = wrapper.cfbundle; includeInIndex = 0; path = RedGreenBlueTests.xctest; sourceTree = BUILT_PRODUCTS_DIR; };
		6FA9CE0023062EF40011A2F8 /* RedGreenBlueTests.swift */ = {isa = PBXFileReference; lastKnownFileType = sourcecode.swift; path = RedGreenBlueTests.swift; sourceTree = "<group>"; };
		6FA9CE0223062EF40011A2F8 /* Info.plist */ = {isa = PBXFileReference; lastKnownFileType = text.plist.xml; path = Info.plist; sourceTree = "<group>"; };
		6FA9CE0723062EF40011A2F8 /* RedGreenBlueUITests.xctest */ = {isa = PBXFileReference; explicitFileType = wrapper.cfbundle; includeInIndex = 0; path = RedGreenBlueUITests.xctest; sourceTree = BUILT_PRODUCTS_DIR; };
		6FA9CE0B23062EF40011A2F8 /* RedGreenBlueUITests.swift */ = {isa = PBXFileReference; lastKnownFileType = sourcecode.swift; path = RedGreenBlueUITests.swift; sourceTree = "<group>"; };
		6FA9CE0D23062EF40011A2F8 /* Info.plist */ = {isa = PBXFileReference; lastKnownFileType = text.plist.xml; path = Info.plist; sourceTree = "<group>"; };
		6FA9CE19230635E70011A2F8 /* BridgesTableViewController.swift */ = {isa = PBXFileReference; lastKnownFileType = sourcecode.swift; path = BridgesTableViewController.swift; sourceTree = "<group>"; };
		6FF6F4BD2323FCC500555EE7 /* SuccessCustomMessage.xib */ = {isa = PBXFileReference; lastKnownFileType = file.xib; path = SuccessCustomMessage.xib; sourceTree = "<group>"; };
		6FF709C2234834B3004FB6C2 /* rgb-lamp-icon-@1x.png */ = {isa = PBXFileReference; lastKnownFileType = image.png; path = "rgb-lamp-icon-@1x.png"; sourceTree = "<group>"; };
		6FF709C4234834B9004FB6C2 /* rgb-lamp-icon-@3x.png */ = {isa = PBXFileReference; lastKnownFileType = image.png; path = "rgb-lamp-icon-@3x.png"; sourceTree = "<group>"; };
		6FF709CA234834EB004FB6C2 /* rgb-lamp-icon-@2x.png */ = {isa = PBXFileReference; lastKnownFileType = image.png; path = "rgb-lamp-icon-@2x.png"; sourceTree = "<group>"; };
		71396FC2CCD8C1D60CD630F5 /* Pods-RedGreenBlueTests.debug.xcconfig */ = {isa = PBXFileReference; includeInIndex = 1; lastKnownFileType = text.xcconfig; name = "Pods-RedGreenBlueTests.debug.xcconfig"; path = "Target Support Files/Pods-RedGreenBlueTests/Pods-RedGreenBlueTests.debug.xcconfig"; sourceTree = "<group>"; };
		A5600EDE58F75123E0B152B0 /* Pods_RedGreenBlueUITests.framework */ = {isa = PBXFileReference; explicitFileType = wrapper.framework; includeInIndex = 0; path = Pods_RedGreenBlueUITests.framework; sourceTree = BUILT_PRODUCTS_DIR; };
		B64E619D6B85D176217C6898 /* Pods-RedGreenBlueUITests.debug.xcconfig */ = {isa = PBXFileReference; includeInIndex = 1; lastKnownFileType = text.xcconfig; name = "Pods-RedGreenBlueUITests.debug.xcconfig"; path = "Target Support Files/Pods-RedGreenBlueUITests/Pods-RedGreenBlueUITests.debug.xcconfig"; sourceTree = "<group>"; };
		C40FFE1F74C8594B37BA9BB6 /* Pods_RedGreenBlueTests.framework */ = {isa = PBXFileReference; explicitFileType = wrapper.framework; includeInIndex = 0; path = Pods_RedGreenBlueTests.framework; sourceTree = BUILT_PRODUCTS_DIR; };
		F8D37A15058741D24ED3DD3B /* Pods_RedGreenBlue.framework */ = {isa = PBXFileReference; explicitFileType = wrapper.framework; includeInIndex = 0; path = Pods_RedGreenBlue.framework; sourceTree = BUILT_PRODUCTS_DIR; };
		FF6A693417FD821C9FDA979A /* Pods-RedGreenBlue.release.xcconfig */ = {isa = PBXFileReference; includeInIndex = 1; lastKnownFileType = text.xcconfig; name = "Pods-RedGreenBlue.release.xcconfig"; path = "Target Support Files/Pods-RedGreenBlue/Pods-RedGreenBlue.release.xcconfig"; sourceTree = "<group>"; };
/* End PBXFileReference section */

/* Begin PBXFrameworksBuildPhase section */
		6FA9CDE323062EF20011A2F8 /* Frameworks */ = {
			isa = PBXFrameworksBuildPhase;
			buildActionMask = 2147483647;
			files = (
				22312DAF47E6FE51235D1AC8 /* Pods_RedGreenBlue.framework in Frameworks */,
			);
			runOnlyForDeploymentPostprocessing = 0;
		};
		6FA9CDF923062EF40011A2F8 /* Frameworks */ = {
			isa = PBXFrameworksBuildPhase;
			buildActionMask = 2147483647;
			files = (
				D1C4E6685F2D264202C18A77 /* Pods_RedGreenBlueTests.framework in Frameworks */,
			);
			runOnlyForDeploymentPostprocessing = 0;
		};
		6FA9CE0423062EF40011A2F8 /* Frameworks */ = {
			isa = PBXFrameworksBuildPhase;
			buildActionMask = 2147483647;
			files = (
				45B6C0AFDACD263DB6F68320 /* Pods_RedGreenBlueUITests.framework in Frameworks */,
			);
			runOnlyForDeploymentPostprocessing = 0;
		};
/* End PBXFrameworksBuildPhase section */

/* Begin PBXGroup section */
		462A5E4B2347946F0088296B /* Supporting Files */ = {
			isa = PBXGroup;
			children = (
				6FF709BF23483480004FB6C2 /* IconImages */,
				462A5E4C234794860088296B /* FeelinGood.mp3 */,
				466DEAA72353665A009A1164 /* Default.mp3 */,
				461F2E2B235121640029D3DC /* test.mp3 */,
			);
			path = "Supporting Files";
			sourceTree = "<group>";
		};
		4651445F2315C5D000156659 /* Onboarding */ = {
			isa = PBXGroup;
			children = (
				465144602315C5F200156659 /* InitialBridgeFinderViewController.swift */,
				46272DD3231477C90056ED84 /* Onboarding.storyboard */,
			);
			path = Onboarding;
			sourceTree = "<group>";
		};
		465144652316DA2D00156659 /* Main */ = {
			isa = PBXGroup;
			children = (
				46637A4D234E86D40000E8CB /* GradientLayerView.swift */,
				46D1544A23552093003196A5 /* RGBCellUtilities.swift */,
				468CAD76233C27150023401C /* Settings */,
				468CAD72233C26D20023401C /* Dynamic Scenes */,
				468CAD71233C26750023401C /* Scenes */,
				468CAD6D233C261C0023401C /* Groups And Lights */,
			);
			path = Main;
			sourceTree = "<group>";
		};
		465144662318221200156659 /* Storyboards */ = {
			isa = PBXGroup;
			children = (
				6FA9CDEF23062EF20011A2F8 /* Main.storyboard */,
				6F4B3E1A2308528A000F44DA /* CustomMessageView.xib */,
				6FA9CDF423062EF30011A2F8 /* LaunchScreen.storyboard */,
				6FF6F4BD2323FCC500555EE7 /* SuccessCustomMessage.xib */,
				46637A49234E483D0000E8CB /* TabBarViewController.swift */,
			);
			path = Storyboards;
			sourceTree = "<group>";
		};
		4669EBB1234395DD0097432B /* Views */ = {
			isa = PBXGroup;
			children = (
				46B6423F2321A7510047F233 /* BridgesTableViewCell.swift */,
				46AFC9B32354EEF0004888A4 /* FoundBridgesTableViewCell.swift */,
			);
			path = Views;
			sourceTree = "<group>";
		};
		4669EBB2234395E40097432B /* Controllers */ = {
			isa = PBXGroup;
			children = (
				6FA9CE19230635E70011A2F8 /* BridgesTableViewController.swift */,
				4669EBB323439F440097432B /* SettingsTableViewController.swift */,
				462A5E3B2343CE960088296B /* ThemeTableViewController.swift */,
			);
			path = Controllers;
			sourceTree = "<group>";
		};
		468CAD6D233C261C0023401C /* Groups And Lights */ = {
			isa = PBXGroup;
			children = (
				468CAD77233C27AE0023401C /* GroupsAndLights.storyboard */,
				468CAD70233C266B0023401C /* Protocols */,
				468CAD6F233C26610023401C /* Views */,
				468CAD6E233C26570023401C /* Controllers */,
			);
			path = "Groups And Lights";
			sourceTree = "<group>";
		};
		468CAD6E233C26570023401C /* Controllers */ = {
			isa = PBXGroup;
			children = (
				46EF2DAE230F0A010021B28B /* ColorPickerViewController.swift */,
				46CCAA0F23072F860054187A /* LightGroupsTableViewController.swift */,
				46EF2DB22311F3180021B28B /* LightGroupsAddEditViewController.swift */,
				46CCAA15230848F90054187A /* LightTableViewController.swift */,
			);
			path = Controllers;
			sourceTree = "<group>";
		};
		468CAD6F233C26610023401C /* Views */ = {
			isa = PBXGroup;
			children = (
				46CCAA112307548B0054187A /* LightsGroupCustomCell.swift */,
				46EF2DAB230ED09C0021B28B /* LightsCustomCell.swift */,
				464F0E17233C125100E33FA1 /* LightsGroupAddNameCell.swift */,
				46767D3B234FB88B00D8B73E /* CustomButton.swift */,
			);
			path = Views;
			sourceTree = "<group>";
		};
		468CAD70233C266B0023401C /* Protocols */ = {
			isa = PBXGroup;
			children = (
				46DC9902232555BF00D939BF /* LightCellProtocol.swift */,
				46DC9900232555AD00D939BF /* GroupCellProtocol.swift */,
				464F0E19233C17E400E33FA1 /* GroupProtocol.swift */,
			);
			path = Protocols;
			sourceTree = "<group>";
		};
		468CAD71233C26750023401C /* Scenes */ = {
			isa = PBXGroup;
			children = (
				468CAD79233C27C60023401C /* Scenes.storyboard */,
				46A8C0CD231889A6002DE3C2 /* LightsSceneCustomCell.swift */,
				46974DDE2323F87E000AF31A /* ScenesTableViewController.swift */,
			);
			path = Scenes;
			sourceTree = "<group>";
		};
		468CAD72233C26D20023401C /* Dynamic Scenes */ = {
			isa = PBXGroup;
			children = (
				468CAD7D233C28350023401C /* DynamicScenes.storyboard */,
				468CAD75233C27000023401C /* Protocols */,
				468CAD74233C26F30023401C /* Views */,
				468CAD73233C26E80023401C /* Controllers */,
			);
			path = "Dynamic Scenes";
			sourceTree = "<group>";
		};
		468CAD73233C26E80023401C /* Controllers */ = {
			isa = PBXGroup;
			children = (
				46F42E072326BDA300FB73FA /* DynamicScenesViewController.swift */,
				46736544233A598D00DA33AA /* DynamicScenesAddViewController.swift */,
				4673654C233BBCFA00DA33AA /* DynamicScenesAddTimeViewController.swift */,
				462A5E4E234839010088296B /* DynamicScenesAddSoundViewController.swift */,
				4673654E233BD85300DA33AA /* DynamicScenesColorsViewController.swift */,
				46736546233A61C700DA33AA /* DynamicScenesAddColorViewController.swift */,
				466BF092234940DE005FEA1B /* DynamicScenesColorsPickerViewController.swift */,
				4606B6B3235E381600060605 /* DynamicScenesColorOptionsViewController.swift */,
				462984A823609979009A43ED /* DynamicScenesBrightnessOptionsViewController.swift */,
			);
			path = Controllers;
			sourceTree = "<group>";
		};
		468CAD74233C26F30023401C /* Views */ = {
			isa = PBXGroup;
			children = (
				46E22732233270E40031CE0C /* LightsDynamicSceneCustomCell.swift */,
				462A5E4223462C1F0088296B /* ColorDynamicSceneCustomCell.swift */,
				462A5E4923467D330088296B /* SSCheckMark.swift */,
			);
			path = Views;
			sourceTree = "<group>";
		};
		468CAD75233C27000023401C /* Protocols */ = {
			isa = PBXGroup;
			children = (
				46DABC262328286600E8C81D /* DynamicSceneCellProtocol.swift */,
				46736548233A78EC00DA33AA /* DynamicSceneProtocol.swift */,
			);
			path = Protocols;
			sourceTree = "<group>";
		};
		468CAD76233C27150023401C /* Settings */ = {
			isa = PBXGroup;
			children = (
				468CAD7B233C27F30023401C /* Settings.storyboard */,
				4669EBB1234395DD0097432B /* Views */,
				4669EBB2234395E40097432B /* Controllers */,
			);
			path = Settings;
			sourceTree = "<group>";
		};
		46CCAA0C2307058A0054187A /* Models */ = {
			isa = PBXGroup;
			children = (
				46CCAA0A2307025C0054187A /* RGBHueBridge.swift */,
				46B6423C232000800047F233 /* RGBGroup.swift */,
				46DABC222327ED4F00E8C81D /* RGBDynamicScene.swift */,
			);
			path = Models;
			sourceTree = "<group>";
		};
		46DC98FD2325557200D939BF /* Protocols */ = {
			isa = PBXGroup;
			children = (
				46DC98FE2325559C00D939BF /* GroupSliderProtocol.swift */,
			);
			path = Protocols;
			sourceTree = "<group>";
		};
		46EF2DAD230EF5FC0021B28B /* Helpers */ = {
			isa = PBXGroup;
			children = (
				46CCAA132307870B0054187A /* RGBRequest.swift */,
				460F71FB230CA01D008EE24C /* RGBGroupsAndLightsHelper.swift */,
				46EF2DB02311CA620021B28B /* RGBDatabaseManager.swift */,
				6F58BB7E23529CA10000D673 /* RGBSwiftMessages.swift */,
			);
			path = Helpers;
			sourceTree = "<group>";
		};
		6FA9CDDD23062EF20011A2F8 = {
			isa = PBXGroup;
			children = (
				6FA9CDE823062EF20011A2F8 /* RedGreenBlue */,
				6FA9CDFF23062EF40011A2F8 /* RedGreenBlueTests */,
				6FA9CE0A23062EF40011A2F8 /* RedGreenBlueUITests */,
				6FA9CDE723062EF20011A2F8 /* Products */,
				81A6609186B650ADBFC162B6 /* Pods */,
				A4D242EDFB82FD1DDB78C2C8 /* Frameworks */,
			);
			sourceTree = "<group>";
		};
		6FA9CDE723062EF20011A2F8 /* Products */ = {
			isa = PBXGroup;
			children = (
				6FA9CDE623062EF20011A2F8 /* RedGreenBlue.app */,
				6FA9CDFC23062EF40011A2F8 /* RedGreenBlueTests.xctest */,
				6FA9CE0723062EF40011A2F8 /* RedGreenBlueUITests.xctest */,
			);
			name = Products;
			sourceTree = "<group>";
		};
		6FA9CDE823062EF20011A2F8 /* RedGreenBlue */ = {
			isa = PBXGroup;
			children = (
				6FA9CDE923062EF20011A2F8 /* AppDelegate.swift */,
				46DC98FD2325557200D939BF /* Protocols */,
				46CCAA0C2307058A0054187A /* Models */,
				46EF2DAD230EF5FC0021B28B /* Helpers */,
				465144652316DA2D00156659 /* Main */,
				465144662318221200156659 /* Storyboards */,
				4651445F2315C5D000156659 /* Onboarding */,
				462A5E4B2347946F0088296B /* Supporting Files */,
				6FA9CDF223062EF30011A2F8 /* Assets.xcassets */,
				6FA9CDF723062EF30011A2F8 /* Info.plist */,
			);
			path = RedGreenBlue;
			sourceTree = "<group>";
		};
		6FA9CDFF23062EF40011A2F8 /* RedGreenBlueTests */ = {
			isa = PBXGroup;
			children = (
				6FA9CE0023062EF40011A2F8 /* RedGreenBlueTests.swift */,
				6FA9CE0223062EF40011A2F8 /* Info.plist */,
			);
			path = RedGreenBlueTests;
			sourceTree = "<group>";
		};
		6FA9CE0A23062EF40011A2F8 /* RedGreenBlueUITests */ = {
			isa = PBXGroup;
			children = (
				6FA9CE0B23062EF40011A2F8 /* RedGreenBlueUITests.swift */,
				6FA9CE0D23062EF40011A2F8 /* Info.plist */,
			);
			path = RedGreenBlueUITests;
			sourceTree = "<group>";
		};
		6FF709BF23483480004FB6C2 /* IconImages */ = {
			isa = PBXGroup;
			children = (
				6F1F9BAD2349074C00800EBA /* rgb-lamp-icon-dark-@1x.png */,
				6F1F9BAE2349074C00800EBA /* rgb-lamp-icon-dark-@2x.png */,
				6F1F9BAB2349074400800EBA /* rgb-lamp-icon-dark-@3x.png */,
				6FF709C2234834B3004FB6C2 /* rgb-lamp-icon-@1x.png */,
				6FF709CA234834EB004FB6C2 /* rgb-lamp-icon-@2x.png */,
				6FF709C4234834B9004FB6C2 /* rgb-lamp-icon-@3x.png */,
				6F1F9BA72348FC7F00800EBA /* rgb-lamp-icon-dark-rounded.png */,
				6F1F9BA92348FD1300800EBA /* rgb-lamp-icon-light-rounded.png */,
			);
			path = IconImages;
			sourceTree = "<group>";
		};
		81A6609186B650ADBFC162B6 /* Pods */ = {
			isa = PBXGroup;
			children = (
				68B1AC65FE92B8C07F009E19 /* Pods-RedGreenBlue.debug.xcconfig */,
				FF6A693417FD821C9FDA979A /* Pods-RedGreenBlue.release.xcconfig */,
				71396FC2CCD8C1D60CD630F5 /* Pods-RedGreenBlueTests.debug.xcconfig */,
				128E4C0BD168185191980114 /* Pods-RedGreenBlueTests.release.xcconfig */,
				B64E619D6B85D176217C6898 /* Pods-RedGreenBlueUITests.debug.xcconfig */,
				66085FF42EEB085036083DC7 /* Pods-RedGreenBlueUITests.release.xcconfig */,
			);
			path = Pods;
			sourceTree = "<group>";
		};
		A4D242EDFB82FD1DDB78C2C8 /* Frameworks */ = {
			isa = PBXGroup;
			children = (
				F8D37A15058741D24ED3DD3B /* Pods_RedGreenBlue.framework */,
				C40FFE1F74C8594B37BA9BB6 /* Pods_RedGreenBlueTests.framework */,
				A5600EDE58F75123E0B152B0 /* Pods_RedGreenBlueUITests.framework */,
			);
			name = Frameworks;
			sourceTree = "<group>";
		};
/* End PBXGroup section */

/* Begin PBXNativeTarget section */
		6FA9CDE523062EF20011A2F8 /* RedGreenBlue */ = {
			isa = PBXNativeTarget;
			buildConfigurationList = 6FA9CE1023062EF40011A2F8 /* Build configuration list for PBXNativeTarget "RedGreenBlue" */;
			buildPhases = (
				6B6D30C27E9A8D0F45B4636B /* [CP] Check Pods Manifest.lock */,
				6FA9CDE223062EF20011A2F8 /* Sources */,
				6FA9CDE323062EF20011A2F8 /* Frameworks */,
				6FA9CDE423062EF20011A2F8 /* Resources */,
				05728945DBA2B6CB64EC5BC7 /* [CP] Embed Pods Frameworks */,
				6FCB4761230793B500D1B184 /* ShellScript */,
			);
			buildRules = (
			);
			dependencies = (
			);
			name = RedGreenBlue;
			productName = RedGreenBlue;
			productReference = 6FA9CDE623062EF20011A2F8 /* RedGreenBlue.app */;
			productType = "com.apple.product-type.application";
		};
		6FA9CDFB23062EF40011A2F8 /* RedGreenBlueTests */ = {
			isa = PBXNativeTarget;
			buildConfigurationList = 6FA9CE1323062EF40011A2F8 /* Build configuration list for PBXNativeTarget "RedGreenBlueTests" */;
			buildPhases = (
				CEBEFE200A4AE55347F82FDB /* [CP] Check Pods Manifest.lock */,
				6FA9CDF823062EF40011A2F8 /* Sources */,
				6FA9CDF923062EF40011A2F8 /* Frameworks */,
				6FA9CDFA23062EF40011A2F8 /* Resources */,
			);
			buildRules = (
			);
			dependencies = (
				6FA9CDFE23062EF40011A2F8 /* PBXTargetDependency */,
			);
			name = RedGreenBlueTests;
			productName = RedGreenBlueTests;
			productReference = 6FA9CDFC23062EF40011A2F8 /* RedGreenBlueTests.xctest */;
			productType = "com.apple.product-type.bundle.unit-test";
		};
		6FA9CE0623062EF40011A2F8 /* RedGreenBlueUITests */ = {
			isa = PBXNativeTarget;
			buildConfigurationList = 6FA9CE1623062EF40011A2F8 /* Build configuration list for PBXNativeTarget "RedGreenBlueUITests" */;
			buildPhases = (
				51BD7B8947D2F3AD2F87BF18 /* [CP] Check Pods Manifest.lock */,
				6FA9CE0323062EF40011A2F8 /* Sources */,
				6FA9CE0423062EF40011A2F8 /* Frameworks */,
				6FA9CE0523062EF40011A2F8 /* Resources */,
			);
			buildRules = (
			);
			dependencies = (
				6FA9CE0923062EF40011A2F8 /* PBXTargetDependency */,
			);
			name = RedGreenBlueUITests;
			productName = RedGreenBlueUITests;
			productReference = 6FA9CE0723062EF40011A2F8 /* RedGreenBlueUITests.xctest */;
			productType = "com.apple.product-type.bundle.ui-testing";
		};
/* End PBXNativeTarget section */

/* Begin PBXProject section */
		6FA9CDDE23062EF20011A2F8 /* Project object */ = {
			isa = PBXProject;
			attributes = {
				KnownAssetTags = (
					2,
				);
				LastSwiftUpdateCheck = 1030;
				LastUpgradeCheck = 1030;
				ORGANIZATIONNAME = "Dana Griffin";
				TargetAttributes = {
					6FA9CDE523062EF20011A2F8 = {
						CreatedOnToolsVersion = 10.3;
						LastSwiftMigration = 1110;
					};
					6FA9CDFB23062EF40011A2F8 = {
						CreatedOnToolsVersion = 10.3;
						TestTargetID = 6FA9CDE523062EF20011A2F8;
					};
					6FA9CE0623062EF40011A2F8 = {
						CreatedOnToolsVersion = 10.3;
						TestTargetID = 6FA9CDE523062EF20011A2F8;
					};
				};
			};
			buildConfigurationList = 6FA9CDE123062EF20011A2F8 /* Build configuration list for PBXProject "RedGreenBlue" */;
			compatibilityVersion = "Xcode 9.3";
			developmentRegion = en;
			hasScannedForEncodings = 0;
			knownRegions = (
				en,
				Base,
			);
			mainGroup = 6FA9CDDD23062EF20011A2F8;
			productRefGroup = 6FA9CDE723062EF20011A2F8 /* Products */;
			projectDirPath = "";
			projectRoot = "";
			targets = (
				6FA9CDE523062EF20011A2F8 /* RedGreenBlue */,
				6FA9CDFB23062EF40011A2F8 /* RedGreenBlueTests */,
				6FA9CE0623062EF40011A2F8 /* RedGreenBlueUITests */,
			);
		};
/* End PBXProject section */

/* Begin PBXResourcesBuildPhase section */
		6FA9CDE423062EF20011A2F8 /* Resources */ = {
			isa = PBXResourcesBuildPhase;
			buildActionMask = 2147483647;
			files = (
				6F1F9BA82348FC7F00800EBA /* rgb-lamp-icon-dark-rounded.png in Resources */,
				6FF6F4BE2323FCC500555EE7 /* SuccessCustomMessage.xib in Resources */,
				468CAD7A233C27C60023401C /* Scenes.storyboard in Resources */,
				6F1F9BAC2349074500800EBA /* rgb-lamp-icon-dark-@3x.png in Resources */,
				6FA9CDF623062EF30011A2F8 /* LaunchScreen.storyboard in Resources */,
				466DEAA82353665A009A1164 /* Default.mp3 in Resources */,
				461F2E2C235121640029D3DC /* test.mp3 in Resources */,
				6F4B3E1B2308528A000F44DA /* CustomMessageView.xib in Resources */,
				6FA9CDF323062EF30011A2F8 /* Assets.xcassets in Resources */,
				6FF709CB234834EB004FB6C2 /* rgb-lamp-icon-@2x.png in Resources */,
				6F1F9BAF2349074C00800EBA /* rgb-lamp-icon-dark-@1x.png in Resources */,
				6F1F9BB02349074C00800EBA /* rgb-lamp-icon-dark-@2x.png in Resources */,
				6FF709C3234834B3004FB6C2 /* rgb-lamp-icon-@1x.png in Resources */,
				468CAD78233C27AE0023401C /* GroupsAndLights.storyboard in Resources */,
				462A5E4D234794860088296B /* FeelinGood.mp3 in Resources */,
				6F1F9BAA2348FD1300800EBA /* rgb-lamp-icon-light-rounded.png in Resources */,
				468CAD7C233C27F30023401C /* Settings.storyboard in Resources */,
				6FA9CDF123062EF20011A2F8 /* Main.storyboard in Resources */,
				46272DD4231477C90056ED84 /* Onboarding.storyboard in Resources */,
				468CAD7E233C28350023401C /* DynamicScenes.storyboard in Resources */,
				6FF709C5234834B9004FB6C2 /* rgb-lamp-icon-@3x.png in Resources */,
			);
			runOnlyForDeploymentPostprocessing = 0;
		};
		6FA9CDFA23062EF40011A2F8 /* Resources */ = {
			isa = PBXResourcesBuildPhase;
			buildActionMask = 2147483647;
			files = (
			);
			runOnlyForDeploymentPostprocessing = 0;
		};
		6FA9CE0523062EF40011A2F8 /* Resources */ = {
			isa = PBXResourcesBuildPhase;
			buildActionMask = 2147483647;
			files = (
			);
			runOnlyForDeploymentPostprocessing = 0;
		};
/* End PBXResourcesBuildPhase section */

/* Begin PBXShellScriptBuildPhase section */
		05728945DBA2B6CB64EC5BC7 /* [CP] Embed Pods Frameworks */ = {
			isa = PBXShellScriptBuildPhase;
			buildActionMask = 2147483647;
			files = (
			);
			inputFileListPaths = (
				"${PODS_ROOT}/Target Support Files/Pods-RedGreenBlue/Pods-RedGreenBlue-frameworks-${CONFIGURATION}-input-files.xcfilelist",
			);
			name = "[CP] Embed Pods Frameworks";
			outputFileListPaths = (
				"${PODS_ROOT}/Target Support Files/Pods-RedGreenBlue/Pods-RedGreenBlue-frameworks-${CONFIGURATION}-output-files.xcfilelist",
			);
			runOnlyForDeploymentPostprocessing = 0;
			shellPath = /bin/sh;
			shellScript = "\"${PODS_ROOT}/Target Support Files/Pods-RedGreenBlue/Pods-RedGreenBlue-frameworks.sh\"\n";
			showEnvVarsInLog = 0;
		};
		51BD7B8947D2F3AD2F87BF18 /* [CP] Check Pods Manifest.lock */ = {
			isa = PBXShellScriptBuildPhase;
			buildActionMask = 2147483647;
			files = (
			);
			inputFileListPaths = (
			);
			inputPaths = (
				"${PODS_PODFILE_DIR_PATH}/Podfile.lock",
				"${PODS_ROOT}/Manifest.lock",
			);
			name = "[CP] Check Pods Manifest.lock";
			outputFileListPaths = (
			);
			outputPaths = (
				"$(DERIVED_FILE_DIR)/Pods-RedGreenBlueUITests-checkManifestLockResult.txt",
			);
			runOnlyForDeploymentPostprocessing = 0;
			shellPath = /bin/sh;
			shellScript = "diff \"${PODS_PODFILE_DIR_PATH}/Podfile.lock\" \"${PODS_ROOT}/Manifest.lock\" > /dev/null\nif [ $? != 0 ] ; then\n    # print error to STDERR\n    echo \"error: The sandbox is not in sync with the Podfile.lock. Run 'pod install' or update your CocoaPods installation.\" >&2\n    exit 1\nfi\n# This output is used by Xcode 'outputs' to avoid re-running this script phase.\necho \"SUCCESS\" > \"${SCRIPT_OUTPUT_FILE_0}\"\n";
			showEnvVarsInLog = 0;
		};
		6B6D30C27E9A8D0F45B4636B /* [CP] Check Pods Manifest.lock */ = {
			isa = PBXShellScriptBuildPhase;
			buildActionMask = 2147483647;
			files = (
			);
			inputFileListPaths = (
			);
			inputPaths = (
				"${PODS_PODFILE_DIR_PATH}/Podfile.lock",
				"${PODS_ROOT}/Manifest.lock",
			);
			name = "[CP] Check Pods Manifest.lock";
			outputFileListPaths = (
			);
			outputPaths = (
				"$(DERIVED_FILE_DIR)/Pods-RedGreenBlue-checkManifestLockResult.txt",
			);
			runOnlyForDeploymentPostprocessing = 0;
			shellPath = /bin/sh;
			shellScript = "diff \"${PODS_PODFILE_DIR_PATH}/Podfile.lock\" \"${PODS_ROOT}/Manifest.lock\" > /dev/null\nif [ $? != 0 ] ; then\n    # print error to STDERR\n    echo \"error: The sandbox is not in sync with the Podfile.lock. Run 'pod install' or update your CocoaPods installation.\" >&2\n    exit 1\nfi\n# This output is used by Xcode 'outputs' to avoid re-running this script phase.\necho \"SUCCESS\" > \"${SCRIPT_OUTPUT_FILE_0}\"\n";
			showEnvVarsInLog = 0;
		};
		6FCB4761230793B500D1B184 /* ShellScript */ = {
			isa = PBXShellScriptBuildPhase;
			buildActionMask = 2147483647;
			files = (
			);
			inputFileListPaths = (
			);
			inputPaths = (
			);
			outputFileListPaths = (
			);
			outputPaths = (
			);
			runOnlyForDeploymentPostprocessing = 0;
			shellPath = /bin/sh;
			shellScript = "# Type a script or drag a script file from your workspace to insert its path.\n\"${PODS_ROOT}/SwiftLint/swiftlint\"\n";
		};
		CEBEFE200A4AE55347F82FDB /* [CP] Check Pods Manifest.lock */ = {
			isa = PBXShellScriptBuildPhase;
			buildActionMask = 2147483647;
			files = (
			);
			inputFileListPaths = (
			);
			inputPaths = (
				"${PODS_PODFILE_DIR_PATH}/Podfile.lock",
				"${PODS_ROOT}/Manifest.lock",
			);
			name = "[CP] Check Pods Manifest.lock";
			outputFileListPaths = (
			);
			outputPaths = (
				"$(DERIVED_FILE_DIR)/Pods-RedGreenBlueTests-checkManifestLockResult.txt",
			);
			runOnlyForDeploymentPostprocessing = 0;
			shellPath = /bin/sh;
			shellScript = "diff \"${PODS_PODFILE_DIR_PATH}/Podfile.lock\" \"${PODS_ROOT}/Manifest.lock\" > /dev/null\nif [ $? != 0 ] ; then\n    # print error to STDERR\n    echo \"error: The sandbox is not in sync with the Podfile.lock. Run 'pod install' or update your CocoaPods installation.\" >&2\n    exit 1\nfi\n# This output is used by Xcode 'outputs' to avoid re-running this script phase.\necho \"SUCCESS\" > \"${SCRIPT_OUTPUT_FILE_0}\"\n";
			showEnvVarsInLog = 0;
		};
/* End PBXShellScriptBuildPhase section */

/* Begin PBXSourcesBuildPhase section */
		6FA9CDE223062EF20011A2F8 /* Sources */ = {
			isa = PBXSourcesBuildPhase;
			buildActionMask = 2147483647;
			files = (
				46DC9903232555BF00D939BF /* LightCellProtocol.swift in Sources */,
				462A5E4A23467D330088296B /* SSCheckMark.swift in Sources */,
				46EF2DB32311F3180021B28B /* LightGroupsAddEditViewController.swift in Sources */,
				46CCAA16230848F90054187A /* LightTableViewController.swift in Sources */,
				46767D3C234FB88B00D8B73E /* CustomButton.swift in Sources */,
				46736547233A61C700DA33AA /* DynamicScenesAddColorViewController.swift in Sources */,
				46CCAA142307870B0054187A /* RGBRequest.swift in Sources */,
				46EF2DB12311CA620021B28B /* RGBDatabaseManager.swift in Sources */,
				46B6423D232000800047F233 /* RGBGroup.swift in Sources */,
				4669EBB423439F440097432B /* SettingsTableViewController.swift in Sources */,
				46DABC272328286600E8C81D /* DynamicSceneCellProtocol.swift in Sources */,
				466BF093234940DE005FEA1B /* DynamicScenesColorsPickerViewController.swift in Sources */,
				4606B6B4235E381600060605 /* DynamicScenesColorOptionsViewController.swift in Sources */,
				46974DDF2323F87E000AF31A /* ScenesTableViewController.swift in Sources */,
				46637A4E234E86D40000E8CB /* GradientLayerView.swift in Sources */,
				462A5E4F234839010088296B /* DynamicScenesAddSoundViewController.swift in Sources */,
				46DC98FF2325559C00D939BF /* GroupSliderProtocol.swift in Sources */,
				4673654F233BD85300DA33AA /* DynamicScenesColorsViewController.swift in Sources */,
				6FA9CE1A230635E70011A2F8 /* BridgesTableViewController.swift in Sources */,
				46EF2DAF230F0A010021B28B /* ColorPickerViewController.swift in Sources */,
				46CCAA1023072F860054187A /* LightGroupsTableViewController.swift in Sources */,
				46B642402321A7510047F233 /* BridgesTableViewCell.swift in Sources */,
				46F42E082326BDA300FB73FA /* DynamicScenesViewController.swift in Sources */,
				46736545233A598D00DA33AA /* DynamicScenesAddViewController.swift in Sources */,
				46D1544B23552093003196A5 /* RGBCellUtilities.swift in Sources */,
				462A5E3C2343CE960088296B /* ThemeTableViewController.swift in Sources */,
				462A5E4323462C1F0088296B /* ColorDynamicSceneCustomCell.swift in Sources */,
				46CCAA122307548B0054187A /* LightsGroupCustomCell.swift in Sources */,
				462984A923609979009A43ED /* DynamicScenesBrightnessOptionsViewController.swift in Sources */,
				46DABC232327ED4F00E8C81D /* RGBDynamicScene.swift in Sources */,
				46EF2DAC230ED09C0021B28B /* LightsCustomCell.swift in Sources */,
				464F0E1A233C17E400E33FA1 /* GroupProtocol.swift in Sources */,
				6FA9CDEA23062EF20011A2F8 /* AppDelegate.swift in Sources */,
				464F0E18233C125100E33FA1 /* LightsGroupAddNameCell.swift in Sources */,
				46AFC9B42354EEF0004888A4 /* FoundBridgesTableViewCell.swift in Sources */,
				46736549233A78EC00DA33AA /* DynamicSceneProtocol.swift in Sources */,
				460F71FC230CA01D008EE24C /* RGBGroupsAndLightsHelper.swift in Sources */,
				465144612315C5F200156659 /* InitialBridgeFinderViewController.swift in Sources */,
				46637A4A234E483D0000E8CB /* TabBarViewController.swift in Sources */,
				46DC9901232555AD00D939BF /* GroupCellProtocol.swift in Sources */,
				4673654D233BBCFA00DA33AA /* DynamicScenesAddTimeViewController.swift in Sources */,
				46E22733233270E40031CE0C /* LightsDynamicSceneCustomCell.swift in Sources */,
				46A8C0CE231889A6002DE3C2 /* LightsSceneCustomCell.swift in Sources */,
				6F58BB7F23529CA10000D673 /* RGBSwiftMessages.swift in Sources */,
				46CCAA0B2307025C0054187A /* RGBHueBridge.swift in Sources */,
			);
			runOnlyForDeploymentPostprocessing = 0;
		};
		6FA9CDF823062EF40011A2F8 /* Sources */ = {
			isa = PBXSourcesBuildPhase;
			buildActionMask = 2147483647;
			files = (
				6FA9CE0123062EF40011A2F8 /* RedGreenBlueTests.swift in Sources */,
			);
			runOnlyForDeploymentPostprocessing = 0;
		};
		6FA9CE0323062EF40011A2F8 /* Sources */ = {
			isa = PBXSourcesBuildPhase;
			buildActionMask = 2147483647;
			files = (
				6FA9CE0C23062EF40011A2F8 /* RedGreenBlueUITests.swift in Sources */,
			);
			runOnlyForDeploymentPostprocessing = 0;
		};
/* End PBXSourcesBuildPhase section */

/* Begin PBXTargetDependency section */
		6FA9CDFE23062EF40011A2F8 /* PBXTargetDependency */ = {
			isa = PBXTargetDependency;
			target = 6FA9CDE523062EF20011A2F8 /* RedGreenBlue */;
			targetProxy = 6FA9CDFD23062EF40011A2F8 /* PBXContainerItemProxy */;
		};
		6FA9CE0923062EF40011A2F8 /* PBXTargetDependency */ = {
			isa = PBXTargetDependency;
			target = 6FA9CDE523062EF20011A2F8 /* RedGreenBlue */;
			targetProxy = 6FA9CE0823062EF40011A2F8 /* PBXContainerItemProxy */;
		};
/* End PBXTargetDependency section */

/* Begin PBXVariantGroup section */
		6FA9CDEF23062EF20011A2F8 /* Main.storyboard */ = {
			isa = PBXVariantGroup;
			children = (
				6FA9CDF023062EF20011A2F8 /* Base */,
			);
			name = Main.storyboard;
			sourceTree = "<group>";
		};
		6FA9CDF423062EF30011A2F8 /* LaunchScreen.storyboard */ = {
			isa = PBXVariantGroup;
			children = (
				6FA9CDF523062EF30011A2F8 /* Base */,
			);
			name = LaunchScreen.storyboard;
			sourceTree = "<group>";
		};
/* End PBXVariantGroup section */

/* Begin XCBuildConfiguration section */
		6FA9CE0E23062EF40011A2F8 /* Debug */ = {
			isa = XCBuildConfiguration;
			buildSettings = {
				ALWAYS_SEARCH_USER_PATHS = NO;
				CLANG_ANALYZER_NONNULL = YES;
				CLANG_ANALYZER_NUMBER_OBJECT_CONVERSION = YES_AGGRESSIVE;
				CLANG_CXX_LANGUAGE_STANDARD = "gnu++14";
				CLANG_CXX_LIBRARY = "libc++";
				CLANG_ENABLE_MODULES = YES;
				CLANG_ENABLE_OBJC_ARC = YES;
				CLANG_ENABLE_OBJC_WEAK = YES;
				CLANG_WARN_BLOCK_CAPTURE_AUTORELEASING = YES;
				CLANG_WARN_BOOL_CONVERSION = YES;
				CLANG_WARN_COMMA = YES;
				CLANG_WARN_CONSTANT_CONVERSION = YES;
				CLANG_WARN_DEPRECATED_OBJC_IMPLEMENTATIONS = YES;
				CLANG_WARN_DIRECT_OBJC_ISA_USAGE = YES_ERROR;
				CLANG_WARN_DOCUMENTATION_COMMENTS = YES;
				CLANG_WARN_EMPTY_BODY = YES;
				CLANG_WARN_ENUM_CONVERSION = YES;
				CLANG_WARN_INFINITE_RECURSION = YES;
				CLANG_WARN_INT_CONVERSION = YES;
				CLANG_WARN_NON_LITERAL_NULL_CONVERSION = YES;
				CLANG_WARN_OBJC_IMPLICIT_RETAIN_SELF = YES;
				CLANG_WARN_OBJC_LITERAL_CONVERSION = YES;
				CLANG_WARN_OBJC_ROOT_CLASS = YES_ERROR;
				CLANG_WARN_RANGE_LOOP_ANALYSIS = YES;
				CLANG_WARN_STRICT_PROTOTYPES = YES;
				CLANG_WARN_SUSPICIOUS_MOVE = YES;
				CLANG_WARN_UNGUARDED_AVAILABILITY = YES_AGGRESSIVE;
				CLANG_WARN_UNREACHABLE_CODE = YES;
				CLANG_WARN__DUPLICATE_METHOD_MATCH = YES;
				CODE_SIGN_IDENTITY = "iPhone Developer";
				COPY_PHASE_STRIP = NO;
				DEBUG_INFORMATION_FORMAT = dwarf;
				ENABLE_STRICT_OBJC_MSGSEND = YES;
				ENABLE_TESTABILITY = YES;
				GCC_C_LANGUAGE_STANDARD = gnu11;
				GCC_DYNAMIC_NO_PIC = NO;
				GCC_NO_COMMON_BLOCKS = YES;
				GCC_OPTIMIZATION_LEVEL = 0;
				GCC_PREPROCESSOR_DEFINITIONS = (
					"DEBUG=1",
					"$(inherited)",
				);
				GCC_WARN_64_TO_32_BIT_CONVERSION = YES;
				GCC_WARN_ABOUT_RETURN_TYPE = YES_ERROR;
				GCC_WARN_UNDECLARED_SELECTOR = YES;
				GCC_WARN_UNINITIALIZED_AUTOS = YES_AGGRESSIVE;
				GCC_WARN_UNUSED_FUNCTION = YES;
				GCC_WARN_UNUSED_VARIABLE = YES;
				IPHONEOS_DEPLOYMENT_TARGET = 12.3;
				MTL_ENABLE_DEBUG_INFO = INCLUDE_SOURCE;
				MTL_FAST_MATH = YES;
				ONLY_ACTIVE_ARCH = YES;
				SDKROOT = iphoneos;
				SWIFT_ACTIVE_COMPILATION_CONDITIONS = DEBUG;
				SWIFT_OPTIMIZATION_LEVEL = "-Onone";
				SWIFT_VERSION = 4.2;
			};
			name = Debug;
		};
		6FA9CE0F23062EF40011A2F8 /* Release */ = {
			isa = XCBuildConfiguration;
			buildSettings = {
				ALWAYS_SEARCH_USER_PATHS = NO;
				CLANG_ANALYZER_NONNULL = YES;
				CLANG_ANALYZER_NUMBER_OBJECT_CONVERSION = YES_AGGRESSIVE;
				CLANG_CXX_LANGUAGE_STANDARD = "gnu++14";
				CLANG_CXX_LIBRARY = "libc++";
				CLANG_ENABLE_MODULES = YES;
				CLANG_ENABLE_OBJC_ARC = YES;
				CLANG_ENABLE_OBJC_WEAK = YES;
				CLANG_WARN_BLOCK_CAPTURE_AUTORELEASING = YES;
				CLANG_WARN_BOOL_CONVERSION = YES;
				CLANG_WARN_COMMA = YES;
				CLANG_WARN_CONSTANT_CONVERSION = YES;
				CLANG_WARN_DEPRECATED_OBJC_IMPLEMENTATIONS = YES;
				CLANG_WARN_DIRECT_OBJC_ISA_USAGE = YES_ERROR;
				CLANG_WARN_DOCUMENTATION_COMMENTS = YES;
				CLANG_WARN_EMPTY_BODY = YES;
				CLANG_WARN_ENUM_CONVERSION = YES;
				CLANG_WARN_INFINITE_RECURSION = YES;
				CLANG_WARN_INT_CONVERSION = YES;
				CLANG_WARN_NON_LITERAL_NULL_CONVERSION = YES;
				CLANG_WARN_OBJC_IMPLICIT_RETAIN_SELF = YES;
				CLANG_WARN_OBJC_LITERAL_CONVERSION = YES;
				CLANG_WARN_OBJC_ROOT_CLASS = YES_ERROR;
				CLANG_WARN_RANGE_LOOP_ANALYSIS = YES;
				CLANG_WARN_STRICT_PROTOTYPES = YES;
				CLANG_WARN_SUSPICIOUS_MOVE = YES;
				CLANG_WARN_UNGUARDED_AVAILABILITY = YES_AGGRESSIVE;
				CLANG_WARN_UNREACHABLE_CODE = YES;
				CLANG_WARN__DUPLICATE_METHOD_MATCH = YES;
				CODE_SIGN_IDENTITY = "iPhone Developer";
				COPY_PHASE_STRIP = NO;
				DEBUG_INFORMATION_FORMAT = "dwarf-with-dsym";
				ENABLE_NS_ASSERTIONS = NO;
				ENABLE_STRICT_OBJC_MSGSEND = YES;
				GCC_C_LANGUAGE_STANDARD = gnu11;
				GCC_NO_COMMON_BLOCKS = YES;
				GCC_WARN_64_TO_32_BIT_CONVERSION = YES;
				GCC_WARN_ABOUT_RETURN_TYPE = YES_ERROR;
				GCC_WARN_UNDECLARED_SELECTOR = YES;
				GCC_WARN_UNINITIALIZED_AUTOS = YES_AGGRESSIVE;
				GCC_WARN_UNUSED_FUNCTION = YES;
				GCC_WARN_UNUSED_VARIABLE = YES;
				IPHONEOS_DEPLOYMENT_TARGET = 12.3;
				MTL_ENABLE_DEBUG_INFO = NO;
				MTL_FAST_MATH = YES;
				SDKROOT = iphoneos;
				SWIFT_COMPILATION_MODE = wholemodule;
				SWIFT_OPTIMIZATION_LEVEL = "-O";
				SWIFT_VERSION = 4.2;
				VALIDATE_PRODUCT = YES;
			};
			name = Release;
		};
		6FA9CE1123062EF40011A2F8 /* Debug */ = {
			isa = XCBuildConfiguration;
			baseConfigurationReference = 68B1AC65FE92B8C07F009E19 /* Pods-RedGreenBlue.debug.xcconfig */;
			buildSettings = {
				CODE_SIGN_STYLE = Automatic;
				DEVELOPMENT_TEAM = "";
				INFOPLIST_FILE = RedGreenBlue/Info.plist;
				IPHONEOS_DEPLOYMENT_TARGET = 12.2;
				LD_RUNPATH_SEARCH_PATHS = (
					"$(inherited)",
					"@executable_path/Frameworks",
				);
				PRODUCT_BUNDLE_IDENTIFIER = com.RedGreenBlue123;
				PRODUCT_NAME = "$(TARGET_NAME)";
				SWIFT_VERSION = 5.0;
				TARGETED_DEVICE_FAMILY = "1,2";
			};
			name = Debug;
		};
		6FA9CE1223062EF40011A2F8 /* Release */ = {
			isa = XCBuildConfiguration;
			baseConfigurationReference = FF6A693417FD821C9FDA979A /* Pods-RedGreenBlue.release.xcconfig */;
			buildSettings = {
				CODE_SIGN_STYLE = Automatic;
				DEVELOPMENT_TEAM = "";
				INFOPLIST_FILE = RedGreenBlue/Info.plist;
				IPHONEOS_DEPLOYMENT_TARGET = 12.2;
				LD_RUNPATH_SEARCH_PATHS = (
					"$(inherited)",
					"@executable_path/Frameworks",
				);
				PRODUCT_BUNDLE_IDENTIFIER = com.RedGreenBlue123;
				PRODUCT_NAME = "$(TARGET_NAME)";
				SWIFT_VERSION = 5.0;
				TARGETED_DEVICE_FAMILY = "1,2";
			};
			name = Release;
		};
		6FA9CE1423062EF40011A2F8 /* Debug */ = {
			isa = XCBuildConfiguration;
			baseConfigurationReference = 71396FC2CCD8C1D60CD630F5 /* Pods-RedGreenBlueTests.debug.xcconfig */;
			buildSettings = {
				ALWAYS_EMBED_SWIFT_STANDARD_LIBRARIES = YES;
				BUNDLE_LOADER = "$(TEST_HOST)";
				CODE_SIGN_STYLE = Automatic;
				DEVELOPMENT_TEAM = 56K2EF9V37;
				INFOPLIST_FILE = RedGreenBlueTests/Info.plist;
				LD_RUNPATH_SEARCH_PATHS = (
					"$(inherited)",
					"@executable_path/Frameworks",
					"@loader_path/Frameworks",
				);
				PRODUCT_BUNDLE_IDENTIFIER = com.RedGreenBlueTests;
				PRODUCT_NAME = "$(TARGET_NAME)";
				SWIFT_VERSION = 5.0;
				TARGETED_DEVICE_FAMILY = "1,2";
				TEST_HOST = "$(BUILT_PRODUCTS_DIR)/RedGreenBlue.app/RedGreenBlue";
			};
			name = Debug;
		};
		6FA9CE1523062EF40011A2F8 /* Release */ = {
			isa = XCBuildConfiguration;
			baseConfigurationReference = 128E4C0BD168185191980114 /* Pods-RedGreenBlueTests.release.xcconfig */;
			buildSettings = {
				ALWAYS_EMBED_SWIFT_STANDARD_LIBRARIES = YES;
				BUNDLE_LOADER = "$(TEST_HOST)";
				CODE_SIGN_STYLE = Automatic;
				DEVELOPMENT_TEAM = 56K2EF9V37;
				INFOPLIST_FILE = RedGreenBlueTests/Info.plist;
				LD_RUNPATH_SEARCH_PATHS = (
					"$(inherited)",
					"@executable_path/Frameworks",
					"@loader_path/Frameworks",
				);
				PRODUCT_BUNDLE_IDENTIFIER = com.RedGreenBlueTests;
				PRODUCT_NAME = "$(TARGET_NAME)";
				SWIFT_VERSION = 5.0;
				TARGETED_DEVICE_FAMILY = "1,2";
				TEST_HOST = "$(BUILT_PRODUCTS_DIR)/RedGreenBlue.app/RedGreenBlue";
			};
			name = Release;
		};
		6FA9CE1723062EF40011A2F8 /* Debug */ = {
			isa = XCBuildConfiguration;
			baseConfigurationReference = B64E619D6B85D176217C6898 /* Pods-RedGreenBlueUITests.debug.xcconfig */;
			buildSettings = {
				ALWAYS_EMBED_SWIFT_STANDARD_LIBRARIES = YES;
				CODE_SIGN_STYLE = Automatic;
				DEVELOPMENT_TEAM = 56K2EF9V37;
				INFOPLIST_FILE = RedGreenBlueUITests/Info.plist;
				LD_RUNPATH_SEARCH_PATHS = (
					"$(inherited)",
					"@executable_path/Frameworks",
					"@loader_path/Frameworks",
				);
				PRODUCT_BUNDLE_IDENTIFIER = com.RedGreenBlueUITests;
				PRODUCT_NAME = "$(TARGET_NAME)";
				SWIFT_VERSION = 5.0;
				TARGETED_DEVICE_FAMILY = "1,2";
				TEST_TARGET_NAME = RedGreenBlue;
			};
			name = Debug;
		};
		6FA9CE1823062EF40011A2F8 /* Release */ = {
			isa = XCBuildConfiguration;
			baseConfigurationReference = 66085FF42EEB085036083DC7 /* Pods-RedGreenBlueUITests.release.xcconfig */;
			buildSettings = {
				ALWAYS_EMBED_SWIFT_STANDARD_LIBRARIES = YES;
				CODE_SIGN_STYLE = Automatic;
				DEVELOPMENT_TEAM = 56K2EF9V37;
				INFOPLIST_FILE = RedGreenBlueUITests/Info.plist;
				LD_RUNPATH_SEARCH_PATHS = (
					"$(inherited)",
					"@executable_path/Frameworks",
					"@loader_path/Frameworks",
				);
				PRODUCT_BUNDLE_IDENTIFIER = com.RedGreenBlueUITests;
				PRODUCT_NAME = "$(TARGET_NAME)";
				SWIFT_VERSION = 5.0;
				TARGETED_DEVICE_FAMILY = "1,2";
				TEST_TARGET_NAME = RedGreenBlue;
			};
			name = Release;
		};
/* End XCBuildConfiguration section */

/* Begin XCConfigurationList section */
		6FA9CDE123062EF20011A2F8 /* Build configuration list for PBXProject "RedGreenBlue" */ = {
			isa = XCConfigurationList;
			buildConfigurations = (
				6FA9CE0E23062EF40011A2F8 /* Debug */,
				6FA9CE0F23062EF40011A2F8 /* Release */,
			);
			defaultConfigurationIsVisible = 0;
			defaultConfigurationName = Release;
		};
		6FA9CE1023062EF40011A2F8 /* Build configuration list for PBXNativeTarget "RedGreenBlue" */ = {
			isa = XCConfigurationList;
			buildConfigurations = (
				6FA9CE1123062EF40011A2F8 /* Debug */,
				6FA9CE1223062EF40011A2F8 /* Release */,
			);
			defaultConfigurationIsVisible = 0;
			defaultConfigurationName = Release;
		};
		6FA9CE1323062EF40011A2F8 /* Build configuration list for PBXNativeTarget "RedGreenBlueTests" */ = {
			isa = XCConfigurationList;
			buildConfigurations = (
				6FA9CE1423062EF40011A2F8 /* Debug */,
				6FA9CE1523062EF40011A2F8 /* Release */,
			);
			defaultConfigurationIsVisible = 0;
			defaultConfigurationName = Release;
		};
		6FA9CE1623062EF40011A2F8 /* Build configuration list for PBXNativeTarget "RedGreenBlueUITests" */ = {
			isa = XCConfigurationList;
			buildConfigurations = (
				6FA9CE1723062EF40011A2F8 /* Debug */,
				6FA9CE1823062EF40011A2F8 /* Release */,
			);
			defaultConfigurationIsVisible = 0;
			defaultConfigurationName = Release;
		};
/* End XCConfigurationList section */
	};
	rootObject = 6FA9CDDE23062EF20011A2F8 /* Project object */;
}
